// !$*UTF8*$!
{
	archiveVersion = 1;
	classes = {
	};
	objectVersion = 56;
	objects = {

/* Begin PBXBuildFile section */
		0234DED9F9A5025A3B22C997 /* KakaoSDKTemplate.framework in Dependencies */ = {isa = PBXBuildFile; fileRef = A2D196A7B29975B17592DF93 /* KakaoSDKTemplate.framework */; };
		1EA8C330BBDC81379F4BCA82 /* User.swift in Sources */ = {isa = PBXBuildFile; fileRef = BF0E6D2DE6EB3DC793433CB8 /* User.swift */; };
		224F5C1E8021C315F3C9C239 /* ShareApi.swift in Sources */ = {isa = PBXBuildFile; fileRef = A1BF4E5D7DC2DA1C4CF17A1D /* ShareApi.swift */; };
		49680630C7F1B66638C012CB /* UserServiceTerms.swift in Sources */ = {isa = PBXBuildFile; fileRef = 981A8974F72C895F697E3836 /* UserServiceTerms.swift */; };
		60405CA75AE48B453FDF84AC /* ValidationResult.swift in Sources */ = {isa = PBXBuildFile; fileRef = B71496B160CA750902A24C4C /* ValidationResult.swift */; };
		6496C868786F0B816FB24E47 /* KakaoSDKCommon.framework in Dependencies */ = {isa = PBXBuildFile; fileRef = AB474396BE039F4B363568CE /* KakaoSDKCommon.framework */; };
		793CB7E08CBB14A458D7CA64 /* KakaoSDKAuth.framework in Dependencies */ = {isa = PBXBuildFile; fileRef = 9AFC260A8C2D21C7599563DD /* KakaoSDKAuth.framework */; };
		B37BF2CA54417589347BED47 /* Scope.swift in Sources */ = {isa = PBXBuildFile; fileRef = C14F43583C099CA87EC702CF /* Scope.swift */; };
		B4DF9FD6E56F72FB3838AE6E /* TemplateModels.swift in Sources */ = {isa = PBXBuildFile; fileRef = FE1841EE9773FD21A3F75980 /* TemplateModels.swift */; };
		B6C1D92AAD9027F6DC244B82 /* ImageUploadResult.swift in Sources */ = {isa = PBXBuildFile; fileRef = 6111CD8A5239C7077BDB422B /* ImageUploadResult.swift */; };
		C0781C8D2BF0F2503E68FFB4 /* SharingResult.swift in Sources */ = {isa = PBXBuildFile; fileRef = 15638190DB41DD8FD05744C8 /* SharingResult.swift */; };
		CB857D13A2B756A6051EBC03 /* UserShippingAddresses.swift in Sources */ = {isa = PBXBuildFile; fileRef = 9948110D0ADCE4C673D83505 /* UserShippingAddresses.swift */; };
		D83CC49FD9E905F67CF2CB8E /* AccessTokenInfo.swift in Sources */ = {isa = PBXBuildFile; fileRef = 93D0518143C7B074D8C95AA4 /* AccessTokenInfo.swift */; };
		DEA959ECACD73EA21318EAAA /* UserApi.swift in Sources */ = {isa = PBXBuildFile; fileRef = A8F4F028225D75836BF9F442 /* UserApi.swift */; };
		EDDB71F393AB45B4D4541C57 /* KakaoSDKCommon.framework in Dependencies */ = {isa = PBXBuildFile; fileRef = AB474396BE039F4B363568CE /* KakaoSDKCommon.framework */; };
		F1C77979DF4D6E97A87B49DB /* KakaoSDKCommon.framework in Dependencies */ = {isa = PBXBuildFile; fileRef = AB474396BE039F4B363568CE /* KakaoSDKCommon.framework */; };
		F2E4395A2B22AA36005236C3 /* Alamofire.xcframework in Embed Frameworks */ = {isa = PBXBuildFile; fileRef = F2E439592B22AA36005236C3 /* Alamofire.xcframework */; settings = {ATTRIBUTES = (CodeSignOnCopy, RemoveHeadersOnCopy, ); }; };
		F2FAC4A02B2946FD002342D7 /* Auth.swift in Sources */ = {isa = PBXBuildFile; fileRef = F2FAC4912B2946FD002342D7 /* Auth.swift */; };
		F2FAC4A12B2946FD002342D7 /* AuthApi.swift in Sources */ = {isa = PBXBuildFile; fileRef = F2FAC4922B2946FD002342D7 /* AuthApi.swift */; };
		F2FAC4A22B2946FD002342D7 /* TokenRefresher.swift in Sources */ = {isa = PBXBuildFile; fileRef = F2FAC4932B2946FD002342D7 /* TokenRefresher.swift */; };
		F2FAC4A32B2946FD002342D7 /* TokenManager.swift in Sources */ = {isa = PBXBuildFile; fileRef = F2FAC4942B2946FD002342D7 /* TokenManager.swift */; };
		F2FAC4A42B2946FD002342D7 /* AuthApiCommon.swift in Sources */ = {isa = PBXBuildFile; fileRef = F2FAC4952B2946FD002342D7 /* AuthApiCommon.swift */; };
		F2FAC4A52B2946FD002342D7 /* AuthRequestAdapter.swift in Sources */ = {isa = PBXBuildFile; fileRef = F2FAC4962B2946FD002342D7 /* AuthRequestAdapter.swift */; };
		F2FAC4A62B2946FD002342D7 /* AuthController.swift in Sources */ = {isa = PBXBuildFile; fileRef = F2FAC4972B2946FD002342D7 /* AuthController.swift */; };
		F2FAC4A72B2946FD002342D7 /* AuthRequestRetrier.swift in Sources */ = {isa = PBXBuildFile; fileRef = F2FAC4982B2946FD002342D7 /* AuthRequestRetrier.swift */; };
		F2FAC4A82B2946FD002342D7 /* MigrateManager.swift in Sources */ = {isa = PBXBuildFile; fileRef = F2FAC4992B2946FD002342D7 /* MigrateManager.swift */; };
		F2FAC4A92B2946FD002342D7 /* TokenManagable.swift in Sources */ = {isa = PBXBuildFile; fileRef = F2FAC49A2B2946FD002342D7 /* TokenManagable.swift */; };
		F2FAC4AA2B2946FD002342D7 /* README.md in Resources */ = {isa = PBXBuildFile; fileRef = F2FAC49B2B2946FD002342D7 /* README.md */; };
		F2FAC4AB2B2946FD002342D7 /* OAuthToken.swift in Sources */ = {isa = PBXBuildFile; fileRef = F2FAC49D2B2946FD002342D7 /* OAuthToken.swift */; };
		F2FAC4AC2B2946FD002342D7 /* Info.plist in Resources */ = {isa = PBXBuildFile; fileRef = F2FAC49F2B2946FD002342D7 /* Info.plist */; };
		F2FAC4CB2B294721002342D7 /* ApiRequestAdapter.swift in Sources */ = {isa = PBXBuildFile; fileRef = F2FAC4AF2B294721002342D7 /* ApiRequestAdapter.swift */; };
		F2FAC4CC2B294721002342D7 /* Api.swift in Sources */ = {isa = PBXBuildFile; fileRef = F2FAC4B02B294721002342D7 /* Api.swift */; };
		F2FAC4CD2B294721002342D7 /* README.md in Resources */ = {isa = PBXBuildFile; fileRef = F2FAC4B12B294721002342D7 /* README.md */; };
		F2FAC4CE2B294721002342D7 /* EncodingContainer+AnyCollection.swift in Sources */ = {isa = PBXBuildFile; fileRef = F2FAC4B42B294721002342D7 /* EncodingContainer+AnyCollection.swift */; };
		F2FAC4CF2B294721002342D7 /* URL+Utils.swift in Sources */ = {isa = PBXBuildFile; fileRef = F2FAC4B52B294721002342D7 /* URL+Utils.swift */; };
		F2FAC4D02B294721002342D7 /* Data+Utils.swift in Sources */ = {isa = PBXBuildFile; fileRef = F2FAC4B62B294721002342D7 /* Data+Utils.swift */; };
		F2FAC4D12B294721002342D7 /* Array+Utils.swift in Sources */ = {isa = PBXBuildFile; fileRef = F2FAC4B72B294721002342D7 /* Array+Utils.swift */; };
		F2FAC4D22B294721002342D7 /* Dictionary+Utils.swift in Sources */ = {isa = PBXBuildFile; fileRef = F2FAC4B82B294721002342D7 /* Dictionary+Utils.swift */; };
		F2FAC4D32B294721002342D7 /* DecodingContainer+AnyCollection.swift in Sources */ = {isa = PBXBuildFile; fileRef = F2FAC4B92B294721002342D7 /* DecodingContainer+AnyCollection.swift */; };
		F2FAC4D42B294721002342D7 /* Date+Utils.swift in Sources */ = {isa = PBXBuildFile; fileRef = F2FAC4BA2B294721002342D7 /* Date+Utils.swift */; };
		F2FAC4D52B294721002342D7 /* UIApplication+Utils.swift in Sources */ = {isa = PBXBuildFile; fileRef = F2FAC4BB2B294721002342D7 /* UIApplication+Utils.swift */; };
		F2FAC4D62B294721002342D7 /* SdkCrypto.swift in Sources */ = {isa = PBXBuildFile; fileRef = F2FAC4BD2B294721002342D7 /* SdkCrypto.swift */; };
		F2FAC4D72B294721002342D7 /* Properties.swift in Sources */ = {isa = PBXBuildFile; fileRef = F2FAC4BE2B294721002342D7 /* Properties.swift */; };
		F2FAC4D82B294721002342D7 /* SdkUtils.swift in Sources */ = {isa = PBXBuildFile; fileRef = F2FAC4BF2B294721002342D7 /* SdkUtils.swift */; };
		F2FAC4D92B294721002342D7 /* SdkLog.swift in Sources */ = {isa = PBXBuildFile; fileRef = F2FAC4C02B294721002342D7 /* SdkLog.swift */; };
		F2FAC4DA2B294721002342D7 /* Common.swift in Sources */ = {isa = PBXBuildFile; fileRef = F2FAC4C12B294721002342D7 /* Common.swift */; };
		F2FAC4DB2B294721002342D7 /* SdkCoder.swift in Sources */ = {isa = PBXBuildFile; fileRef = F2FAC4C22B294721002342D7 /* SdkCoder.swift */; };
		F2FAC4DC2B294721002342D7 /* SdkError.swift in Sources */ = {isa = PBXBuildFile; fileRef = F2FAC4C32B294721002342D7 /* SdkError.swift */; };
		F2FAC4DD2B294721002342D7 /* Urls.swift in Sources */ = {isa = PBXBuildFile; fileRef = F2FAC4C42B294721002342D7 /* Urls.swift */; };
		F2FAC4DE2B294721002342D7 /* AuthErrorInfo.swift in Sources */ = {isa = PBXBuildFile; fileRef = F2FAC4C62B294721002342D7 /* AuthErrorInfo.swift */; };
		F2FAC4DF2B294721002342D7 /* ErrorInfo.swift in Sources */ = {isa = PBXBuildFile; fileRef = F2FAC4C72B294721002342D7 /* ErrorInfo.swift */; };
		F2FAC4E02B294721002342D7 /* KakaoSDKCommon.swift in Sources */ = {isa = PBXBuildFile; fileRef = F2FAC4C82B294721002342D7 /* KakaoSDKCommon.swift */; };
		F2FAC4E12B294721002342D7 /* Info.plist in Resources */ = {isa = PBXBuildFile; fileRef = F2FAC4CA2B294721002342D7 /* Info.plist */; };
/* End PBXBuildFile section */

/* Begin PBXContainerItemProxy section */
		A9D09E95DE0CA34CBEF9A03B /* PBXContainerItemProxy */ = {
			isa = PBXContainerItemProxy;
			containerPortal = B74E8C9FBEFF78FA685A7F67 /* Project object */;
			proxyType = 1;
			remoteGlobalIDString = 98459E8BC6B6914855F2F2D5;
			remoteInfo = KakaoSDKCommon;
		};
		AF64E1064674E872FEFB578A /* PBXContainerItemProxy */ = {
			isa = PBXContainerItemProxy;
			containerPortal = B74E8C9FBEFF78FA685A7F67 /* Project object */;
			proxyType = 1;
			remoteGlobalIDString = 98459E8BC6B6914855F2F2D5;
			remoteInfo = KakaoSDKCommon;
		};
		B7CCFB744B1985BB54864F58 /* PBXContainerItemProxy */ = {
			isa = PBXContainerItemProxy;
			containerPortal = B74E8C9FBEFF78FA685A7F67 /* Project object */;
			proxyType = 1;
			remoteGlobalIDString = 98459E8BC6B6914855F2F2D5;
			remoteInfo = KakaoSDKCommon;
		};
		F42EE904E06AC7C66B8773A6 /* PBXContainerItemProxy */ = {
			isa = PBXContainerItemProxy;
			containerPortal = B74E8C9FBEFF78FA685A7F67 /* Project object */;
			proxyType = 1;
			remoteGlobalIDString = 7C14AC27021FF442200B3853;
			remoteInfo = KakaoSDKAuth;
		};
		FB758B08B60BD1BACB3298C3 /* PBXContainerItemProxy */ = {
			isa = PBXContainerItemProxy;
			containerPortal = B74E8C9FBEFF78FA685A7F67 /* Project object */;
			proxyType = 1;
			remoteGlobalIDString = 9992115F8933D8BC3172BA5A;
			remoteInfo = KakaoSDKTemplate;
		};
/* End PBXContainerItemProxy section */

/* Begin PBXCopyFilesBuildPhase section */
		4394BF936435C523E9566511 /* Dependencies */ = {
			isa = PBXCopyFilesBuildPhase;
			buildActionMask = 8;
			dstSubfolderSpec = 16;
			files = (
				6496C868786F0B816FB24E47 /* KakaoSDKCommon.framework in Dependencies */,
			);
			name = Dependencies;
			runOnlyForDeploymentPostprocessing = 1;
		};
		483A4EE45367C9D498F36397 /* Embed Frameworks */ = {
			isa = PBXCopyFilesBuildPhase;
			buildActionMask = 2147483647;
			dstPath = "";
			dstSubfolderSpec = 10;
			files = (
				F2E4395A2B22AA36005236C3 /* Alamofire.xcframework in Embed Frameworks */,
			);
			name = "Embed Frameworks";
			runOnlyForDeploymentPostprocessing = 0;
		};
		6C5AA4EEB651CA137B82547C /* Embed Frameworks */ = {
			isa = PBXCopyFilesBuildPhase;
			buildActionMask = 2147483647;
			dstPath = "";
			dstSubfolderSpec = 10;
			files = (
			);
			name = "Embed Frameworks";
			runOnlyForDeploymentPostprocessing = 0;
		};
		798BFFACCC63CA5CBD876807 /* Dependencies */ = {
			isa = PBXCopyFilesBuildPhase;
			buildActionMask = 8;
			dstSubfolderSpec = 16;
			files = (
				EDDB71F393AB45B4D4541C57 /* KakaoSDKCommon.framework in Dependencies */,
			);
			name = Dependencies;
			runOnlyForDeploymentPostprocessing = 1;
		};
		7B9E68359243B91AC1495119 /* Embed Frameworks */ = {
			isa = PBXCopyFilesBuildPhase;
			buildActionMask = 2147483647;
			dstPath = "";
			dstSubfolderSpec = 10;
			files = (
			);
			name = "Embed Frameworks";
			runOnlyForDeploymentPostprocessing = 0;
		};
		C75B36DC1F77A9486B42CD55 /* Dependencies */ = {
			isa = PBXCopyFilesBuildPhase;
			buildActionMask = 8;
			dstSubfolderSpec = 16;
			files = (
				793CB7E08CBB14A458D7CA64 /* KakaoSDKAuth.framework in Dependencies */,
			);
			name = Dependencies;
			runOnlyForDeploymentPostprocessing = 1;
		};
		DD4961B6A3F0AF8768ED271E /* Dependencies */ = {
			isa = PBXCopyFilesBuildPhase;
			buildActionMask = 8;
			dstSubfolderSpec = 16;
			files = (
				F1C77979DF4D6E97A87B49DB /* KakaoSDKCommon.framework in Dependencies */,
				0234DED9F9A5025A3B22C997 /* KakaoSDKTemplate.framework in Dependencies */,
			);
			name = Dependencies;
			runOnlyForDeploymentPostprocessing = 1;
		};
		F6A31FDE5BC04D4B81BE03BA /* Embed Frameworks */ = {
			isa = PBXCopyFilesBuildPhase;
			buildActionMask = 2147483647;
			dstPath = "";
			dstSubfolderSpec = 10;
			files = (
			);
			name = "Embed Frameworks";
			runOnlyForDeploymentPostprocessing = 0;
		};
		F88BB0E283529C0C5147EF89 /* Embed Frameworks */ = {
			isa = PBXCopyFilesBuildPhase;
			buildActionMask = 2147483647;
			dstPath = "";
			dstSubfolderSpec = 10;
			files = (
			);
			name = "Embed Frameworks";
			runOnlyForDeploymentPostprocessing = 0;
		};
/* End PBXCopyFilesBuildPhase section */

/* Begin PBXFileReference section */
		15638190DB41DD8FD05744C8 /* SharingResult.swift */ = {isa = PBXFileReference; lastKnownFileType = sourcecode.swift; path = SharingResult.swift; sourceTree = "<group>"; };
		4440513A0951D6A84B87F95A /* KakaoSDKUser.framework */ = {isa = PBXFileReference; explicitFileType = wrapper.framework; includeInIndex = 0; path = KakaoSDKUser.framework; sourceTree = BUILT_PRODUCTS_DIR; };
		6111CD8A5239C7077BDB422B /* ImageUploadResult.swift */ = {isa = PBXFileReference; lastKnownFileType = sourcecode.swift; path = ImageUploadResult.swift; sourceTree = "<group>"; };
		68EC8021E607995484557681 /* KakaoSDKAuth-Info.plist */ = {isa = PBXFileReference; lastKnownFileType = text.plist; path = "KakaoSDKAuth-Info.plist"; sourceTree = "<group>"; };
		88765651B98DFC3B078E9161 /* KakaoSDKShare-Info.plist */ = {isa = PBXFileReference; lastKnownFileType = text.plist; path = "KakaoSDKShare-Info.plist"; sourceTree = "<group>"; };
		93D0518143C7B074D8C95AA4 /* AccessTokenInfo.swift */ = {isa = PBXFileReference; lastKnownFileType = sourcecode.swift; path = AccessTokenInfo.swift; sourceTree = "<group>"; };
		981A8974F72C895F697E3836 /* UserServiceTerms.swift */ = {isa = PBXFileReference; lastKnownFileType = sourcecode.swift; path = UserServiceTerms.swift; sourceTree = "<group>"; };
		9948110D0ADCE4C673D83505 /* UserShippingAddresses.swift */ = {isa = PBXFileReference; lastKnownFileType = sourcecode.swift; path = UserShippingAddresses.swift; sourceTree = "<group>"; };
		9A06A8764CA37A5F9A7EDB66 /* KakaoSDKTemplate-Info.plist */ = {isa = PBXFileReference; lastKnownFileType = text.plist; path = "KakaoSDKTemplate-Info.plist"; sourceTree = "<group>"; };
		9AA946A49C6D6195D146A851 /* KakaoSDKCommon-Info.plist */ = {isa = PBXFileReference; lastKnownFileType = text.plist; path = "KakaoSDKCommon-Info.plist"; sourceTree = "<group>"; };
		9AFC260A8C2D21C7599563DD /* KakaoSDKAuth.framework */ = {isa = PBXFileReference; explicitFileType = wrapper.framework; includeInIndex = 0; path = KakaoSDKAuth.framework; sourceTree = BUILT_PRODUCTS_DIR; };
		9CC0834B3D826E20C49D8F65 /* KakaoSDKShare.framework */ = {isa = PBXFileReference; explicitFileType = wrapper.framework; includeInIndex = 0; path = KakaoSDKShare.framework; sourceTree = BUILT_PRODUCTS_DIR; };
		A1BF4E5D7DC2DA1C4CF17A1D /* ShareApi.swift */ = {isa = PBXFileReference; lastKnownFileType = sourcecode.swift; path = ShareApi.swift; sourceTree = "<group>"; };
		A2D196A7B29975B17592DF93 /* KakaoSDKTemplate.framework */ = {isa = PBXFileReference; explicitFileType = wrapper.framework; includeInIndex = 0; path = KakaoSDKTemplate.framework; sourceTree = BUILT_PRODUCTS_DIR; };
		A8F4F028225D75836BF9F442 /* UserApi.swift */ = {isa = PBXFileReference; lastKnownFileType = sourcecode.swift; path = UserApi.swift; sourceTree = "<group>"; };
		AB474396BE039F4B363568CE /* KakaoSDKCommon.framework */ = {isa = PBXFileReference; explicitFileType = wrapper.framework; includeInIndex = 0; path = KakaoSDKCommon.framework; sourceTree = BUILT_PRODUCTS_DIR; };
		B38C69F3D0FAB76181CD0AAD /* Alamofire.framework */ = {isa = PBXFileReference; explicitFileType = wrapper.framework; includeInIndex = 0; path = Alamofire.framework; sourceTree = BUILT_PRODUCTS_DIR; };
		B71496B160CA750902A24C4C /* ValidationResult.swift */ = {isa = PBXFileReference; lastKnownFileType = sourcecode.swift; path = ValidationResult.swift; sourceTree = "<group>"; };
		BF0E6D2DE6EB3DC793433CB8 /* User.swift */ = {isa = PBXFileReference; lastKnownFileType = sourcecode.swift; path = User.swift; sourceTree = "<group>"; };
		C14F43583C099CA87EC702CF /* Scope.swift */ = {isa = PBXFileReference; lastKnownFileType = sourcecode.swift; path = Scope.swift; sourceTree = "<group>"; };
		E0DD6D71231578086CE0EE63 /* KakaoSDKUser-Info.plist */ = {isa = PBXFileReference; lastKnownFileType = text.plist; path = "KakaoSDKUser-Info.plist"; sourceTree = "<group>"; };
		F2E439592B22AA36005236C3 /* Alamofire.xcframework */ = {isa = PBXFileReference; lastKnownFileType = wrapper.xcframework; name = Alamofire.xcframework; path = Carthage/Build/Alamofire.xcframework; sourceTree = "<group>"; };
		F2FAC4912B2946FD002342D7 /* Auth.swift */ = {isa = PBXFileReference; fileEncoding = 4; lastKnownFileType = sourcecode.swift; path = Auth.swift; sourceTree = "<group>"; };
		F2FAC4922B2946FD002342D7 /* AuthApi.swift */ = {isa = PBXFileReference; fileEncoding = 4; lastKnownFileType = sourcecode.swift; path = AuthApi.swift; sourceTree = "<group>"; };
		F2FAC4932B2946FD002342D7 /* TokenRefresher.swift */ = {isa = PBXFileReference; fileEncoding = 4; lastKnownFileType = sourcecode.swift; path = TokenRefresher.swift; sourceTree = "<group>"; };
		F2FAC4942B2946FD002342D7 /* TokenManager.swift */ = {isa = PBXFileReference; fileEncoding = 4; lastKnownFileType = sourcecode.swift; path = TokenManager.swift; sourceTree = "<group>"; };
		F2FAC4952B2946FD002342D7 /* AuthApiCommon.swift */ = {isa = PBXFileReference; fileEncoding = 4; lastKnownFileType = sourcecode.swift; path = AuthApiCommon.swift; sourceTree = "<group>"; };
		F2FAC4962B2946FD002342D7 /* AuthRequestAdapter.swift */ = {isa = PBXFileReference; fileEncoding = 4; lastKnownFileType = sourcecode.swift; path = AuthRequestAdapter.swift; sourceTree = "<group>"; };
		F2FAC4972B2946FD002342D7 /* AuthController.swift */ = {isa = PBXFileReference; fileEncoding = 4; lastKnownFileType = sourcecode.swift; path = AuthController.swift; sourceTree = "<group>"; };
		F2FAC4982B2946FD002342D7 /* AuthRequestRetrier.swift */ = {isa = PBXFileReference; fileEncoding = 4; lastKnownFileType = sourcecode.swift; path = AuthRequestRetrier.swift; sourceTree = "<group>"; };
		F2FAC4992B2946FD002342D7 /* MigrateManager.swift */ = {isa = PBXFileReference; fileEncoding = 4; lastKnownFileType = sourcecode.swift; path = MigrateManager.swift; sourceTree = "<group>"; };
		F2FAC49A2B2946FD002342D7 /* TokenManagable.swift */ = {isa = PBXFileReference; fileEncoding = 4; lastKnownFileType = sourcecode.swift; path = TokenManagable.swift; sourceTree = "<group>"; };
		F2FAC49B2B2946FD002342D7 /* README.md */ = {isa = PBXFileReference; fileEncoding = 4; lastKnownFileType = net.daringfireball.markdown; path = README.md; sourceTree = "<group>"; };
		F2FAC49D2B2946FD002342D7 /* OAuthToken.swift */ = {isa = PBXFileReference; fileEncoding = 4; lastKnownFileType = sourcecode.swift; path = OAuthToken.swift; sourceTree = "<group>"; };
		F2FAC49E2B2946FD002342D7 /* KakaoSDKAuth.h */ = {isa = PBXFileReference; fileEncoding = 4; lastKnownFileType = sourcecode.c.h; path = KakaoSDKAuth.h; sourceTree = "<group>"; };
		F2FAC49F2B2946FD002342D7 /* Info.plist */ = {isa = PBXFileReference; fileEncoding = 4; lastKnownFileType = text.plist.xml; path = Info.plist; sourceTree = "<group>"; };
		F2FAC4AF2B294721002342D7 /* ApiRequestAdapter.swift */ = {isa = PBXFileReference; fileEncoding = 4; lastKnownFileType = sourcecode.swift; path = ApiRequestAdapter.swift; sourceTree = "<group>"; };
		F2FAC4B02B294721002342D7 /* Api.swift */ = {isa = PBXFileReference; fileEncoding = 4; lastKnownFileType = sourcecode.swift; path = Api.swift; sourceTree = "<group>"; };
		F2FAC4B12B294721002342D7 /* README.md */ = {isa = PBXFileReference; fileEncoding = 4; lastKnownFileType = net.daringfireball.markdown; path = README.md; sourceTree = "<group>"; };
		F2FAC4B42B294721002342D7 /* EncodingContainer+AnyCollection.swift */ = {isa = PBXFileReference; fileEncoding = 4; lastKnownFileType = sourcecode.swift; path = "EncodingContainer+AnyCollection.swift"; sourceTree = "<group>"; };
		F2FAC4B52B294721002342D7 /* URL+Utils.swift */ = {isa = PBXFileReference; fileEncoding = 4; lastKnownFileType = sourcecode.swift; path = "URL+Utils.swift"; sourceTree = "<group>"; };
		F2FAC4B62B294721002342D7 /* Data+Utils.swift */ = {isa = PBXFileReference; fileEncoding = 4; lastKnownFileType = sourcecode.swift; path = "Data+Utils.swift"; sourceTree = "<group>"; };
		F2FAC4B72B294721002342D7 /* Array+Utils.swift */ = {isa = PBXFileReference; fileEncoding = 4; lastKnownFileType = sourcecode.swift; path = "Array+Utils.swift"; sourceTree = "<group>"; };
		F2FAC4B82B294721002342D7 /* Dictionary+Utils.swift */ = {isa = PBXFileReference; fileEncoding = 4; lastKnownFileType = sourcecode.swift; path = "Dictionary+Utils.swift"; sourceTree = "<group>"; };
		F2FAC4B92B294721002342D7 /* DecodingContainer+AnyCollection.swift */ = {isa = PBXFileReference; fileEncoding = 4; lastKnownFileType = sourcecode.swift; path = "DecodingContainer+AnyCollection.swift"; sourceTree = "<group>"; };
		F2FAC4BA2B294721002342D7 /* Date+Utils.swift */ = {isa = PBXFileReference; fileEncoding = 4; lastKnownFileType = sourcecode.swift; path = "Date+Utils.swift"; sourceTree = "<group>"; };
		F2FAC4BB2B294721002342D7 /* UIApplication+Utils.swift */ = {isa = PBXFileReference; fileEncoding = 4; lastKnownFileType = sourcecode.swift; path = "UIApplication+Utils.swift"; sourceTree = "<group>"; };
		F2FAC4BD2B294721002342D7 /* SdkCrypto.swift */ = {isa = PBXFileReference; fileEncoding = 4; lastKnownFileType = sourcecode.swift; path = SdkCrypto.swift; sourceTree = "<group>"; };
		F2FAC4BE2B294721002342D7 /* Properties.swift */ = {isa = PBXFileReference; fileEncoding = 4; lastKnownFileType = sourcecode.swift; path = Properties.swift; sourceTree = "<group>"; };
		F2FAC4BF2B294721002342D7 /* SdkUtils.swift */ = {isa = PBXFileReference; fileEncoding = 4; lastKnownFileType = sourcecode.swift; path = SdkUtils.swift; sourceTree = "<group>"; };
		F2FAC4C02B294721002342D7 /* SdkLog.swift */ = {isa = PBXFileReference; fileEncoding = 4; lastKnownFileType = sourcecode.swift; path = SdkLog.swift; sourceTree = "<group>"; };
		F2FAC4C12B294721002342D7 /* Common.swift */ = {isa = PBXFileReference; fileEncoding = 4; lastKnownFileType = sourcecode.swift; path = Common.swift; sourceTree = "<group>"; };
		F2FAC4C22B294721002342D7 /* SdkCoder.swift */ = {isa = PBXFileReference; fileEncoding = 4; lastKnownFileType = sourcecode.swift; path = SdkCoder.swift; sourceTree = "<group>"; };
		F2FAC4C32B294721002342D7 /* SdkError.swift */ = {isa = PBXFileReference; fileEncoding = 4; lastKnownFileType = sourcecode.swift; path = SdkError.swift; sourceTree = "<group>"; };
		F2FAC4C42B294721002342D7 /* Urls.swift */ = {isa = PBXFileReference; fileEncoding = 4; lastKnownFileType = sourcecode.swift; path = Urls.swift; sourceTree = "<group>"; };
		F2FAC4C62B294721002342D7 /* AuthErrorInfo.swift */ = {isa = PBXFileReference; fileEncoding = 4; lastKnownFileType = sourcecode.swift; path = AuthErrorInfo.swift; sourceTree = "<group>"; };
		F2FAC4C72B294721002342D7 /* ErrorInfo.swift */ = {isa = PBXFileReference; fileEncoding = 4; lastKnownFileType = sourcecode.swift; path = ErrorInfo.swift; sourceTree = "<group>"; };
		F2FAC4C82B294721002342D7 /* KakaoSDKCommon.swift */ = {isa = PBXFileReference; fileEncoding = 4; lastKnownFileType = sourcecode.swift; path = KakaoSDKCommon.swift; sourceTree = "<group>"; };
		F2FAC4C92B294721002342D7 /* KakaoSDKCommon.h */ = {isa = PBXFileReference; fileEncoding = 4; lastKnownFileType = sourcecode.c.h; path = KakaoSDKCommon.h; sourceTree = "<group>"; };
		F2FAC4CA2B294721002342D7 /* Info.plist */ = {isa = PBXFileReference; fileEncoding = 4; lastKnownFileType = text.plist.xml; path = Info.plist; sourceTree = "<group>"; };
		FE1841EE9773FD21A3F75980 /* TemplateModels.swift */ = {isa = PBXFileReference; lastKnownFileType = sourcecode.swift; path = TemplateModels.swift; sourceTree = "<group>"; };
/* End PBXFileReference section */

/* Begin PBXFrameworksBuildPhase section */
		0841A99FF855A441743AD570 /* Frameworks */ = {
			isa = PBXFrameworksBuildPhase;
			buildActionMask = 2147483647;
			files = (
			);
			runOnlyForDeploymentPostprocessing = 0;
		};
		640A50943E9DC6CC9BFC1301 /* Frameworks */ = {
			isa = PBXFrameworksBuildPhase;
			buildActionMask = 2147483647;
			files = (
			);
			runOnlyForDeploymentPostprocessing = 0;
		};
		7D6259118AB0469E096D7D84 /* Frameworks */ = {
			isa = PBXFrameworksBuildPhase;
			buildActionMask = 2147483647;
			files = (
			);
			runOnlyForDeploymentPostprocessing = 0;
		};
		B5947AA9DFF819AC82E7150B /* Frameworks */ = {
			isa = PBXFrameworksBuildPhase;
			buildActionMask = 2147483647;
			files = (
			);
			runOnlyForDeploymentPostprocessing = 0;
		};
		FFABDC24D147EB9106632AD6 /* Frameworks */ = {
			isa = PBXFrameworksBuildPhase;
			buildActionMask = 2147483647;
			files = (
			);
			runOnlyForDeploymentPostprocessing = 0;
		};
/* End PBXFrameworksBuildPhase section */

/* Begin PBXGroup section */
		1B26D82CF9B573B2518E2A15 = {
			isa = PBXGroup;
			children = (
				F2E439592B22AA36005236C3 /* Alamofire.xcframework */,
				AA22D1E92CF37374E7CE9C92 /* Project */,
				AF04E778CA6F90AE0D6C747A /* Frameworks */,
				46BBF5A544E5A83A97F67C00 /* Products */,
			);
			sourceTree = "<group>";
		};
		1C076A298718516A615CF11D /* Derived */ = {
			isa = PBXGroup;
			children = (
				5D3B15706E392EF764A90172 /* InfoPlists */,
			);
			path = Derived;
			sourceTree = "<group>";
		};
		3556E37341E06E537E88CDB2 /* model */ = {
			isa = PBXGroup;
			children = (
				6111CD8A5239C7077BDB422B /* ImageUploadResult.swift */,
				15638190DB41DD8FD05744C8 /* SharingResult.swift */,
				B71496B160CA750902A24C4C /* ValidationResult.swift */,
			);
			path = model;
			sourceTree = "<group>";
		};
		46BBF5A544E5A83A97F67C00 /* Products */ = {
			isa = PBXGroup;
			children = (
				B38C69F3D0FAB76181CD0AAD /* Alamofire.framework */,
				9AFC260A8C2D21C7599563DD /* KakaoSDKAuth.framework */,
				AB474396BE039F4B363568CE /* KakaoSDKCommon.framework */,
				9CC0834B3D826E20C49D8F65 /* KakaoSDKShare.framework */,
				A2D196A7B29975B17592DF93 /* KakaoSDKTemplate.framework */,
				4440513A0951D6A84B87F95A /* KakaoSDKUser.framework */,
			);
			name = Products;
			sourceTree = "<group>";
		};
		5D3B15706E392EF764A90172 /* InfoPlists */ = {
			isa = PBXGroup;
			children = (
				68EC8021E607995484557681 /* KakaoSDKAuth-Info.plist */,
				9AA946A49C6D6195D146A851 /* KakaoSDKCommon-Info.plist */,
				88765651B98DFC3B078E9161 /* KakaoSDKShare-Info.plist */,
				9A06A8764CA37A5F9A7EDB66 /* KakaoSDKTemplate-Info.plist */,
				E0DD6D71231578086CE0EE63 /* KakaoSDKUser-Info.plist */,
			);
			path = InfoPlists;
			sourceTree = "<group>";
		};
		603F1A436266B3C0AF0C1B62 /* KakaoSDKShare */ = {
			isa = PBXGroup;
			children = (
				3556E37341E06E537E88CDB2 /* model */,
				A1BF4E5D7DC2DA1C4CF17A1D /* ShareApi.swift */,
			);
			path = KakaoSDKShare;
			sourceTree = "<group>";
		};
		7E51185B535DA583B33C18D9 /* model */ = {
			isa = PBXGroup;
			children = (
				FE1841EE9773FD21A3F75980 /* TemplateModels.swift */,
			);
			path = model;
			sourceTree = "<group>";
		};
		AA22D1E92CF37374E7CE9C92 /* Project */ = {
			isa = PBXGroup;
			children = (
				1C076A298718516A615CF11D /* Derived */,
				B88DCE11BE6D4703A4D53DFA /* Sources */,
			);
			name = Project;
			sourceTree = "<group>";
		};
		AF04E778CA6F90AE0D6C747A /* Frameworks */ = {
			isa = PBXGroup;
			children = (
			);
			name = Frameworks;
			sourceTree = "<group>";
		};
		AFDA258F78CB70F3001C9C53 /* KakaoSDKUser */ = {
			isa = PBXGroup;
			children = (
				F579640A4F41E3DF0EDF57A9 /* model */,
				A8F4F028225D75836BF9F442 /* UserApi.swift */,
			);
			path = KakaoSDKUser;
			sourceTree = "<group>";
		};
		B88DCE11BE6D4703A4D53DFA /* Sources */ = {
			isa = PBXGroup;
			children = (
				F2FAC4AD2B294721002342D7 /* KakaoSDKCommon */,
				F2FAC48F2B2946FD002342D7 /* KakaoSDKAuth */,
				603F1A436266B3C0AF0C1B62 /* KakaoSDKShare */,
				BFCEC6D9A3BC7CE2CEFDD940 /* KakaoSDKTemplate */,
				AFDA258F78CB70F3001C9C53 /* KakaoSDKUser */,
			);
			path = Sources;
			sourceTree = "<group>";
		};
		BFCEC6D9A3BC7CE2CEFDD940 /* KakaoSDKTemplate */ = {
			isa = PBXGroup;
			children = (
				7E51185B535DA583B33C18D9 /* model */,
			);
			path = KakaoSDKTemplate;
			sourceTree = "<group>";
		};
		F2FAC48F2B2946FD002342D7 /* KakaoSDKAuth */ = {
			isa = PBXGroup;
			children = (
				F2FAC4902B2946FD002342D7 /* auth */,
				F2FAC49B2B2946FD002342D7 /* README.md */,
				F2FAC49C2B2946FD002342D7 /* model */,
				F2FAC49E2B2946FD002342D7 /* KakaoSDKAuth.h */,
				F2FAC49F2B2946FD002342D7 /* Info.plist */,
			);
			name = KakaoSDKAuth;
			path = sources/KakaoSDKAuth;
			sourceTree = SOURCE_ROOT;
		};
		F2FAC4902B2946FD002342D7 /* auth */ = {
			isa = PBXGroup;
			children = (
				F2FAC4912B2946FD002342D7 /* Auth.swift */,
				F2FAC4922B2946FD002342D7 /* AuthApi.swift */,
				F2FAC4932B2946FD002342D7 /* TokenRefresher.swift */,
				F2FAC4942B2946FD002342D7 /* TokenManager.swift */,
				F2FAC4952B2946FD002342D7 /* AuthApiCommon.swift */,
				F2FAC4962B2946FD002342D7 /* AuthRequestAdapter.swift */,
				F2FAC4972B2946FD002342D7 /* AuthController.swift */,
				F2FAC4982B2946FD002342D7 /* AuthRequestRetrier.swift */,
				F2FAC4992B2946FD002342D7 /* MigrateManager.swift */,
				F2FAC49A2B2946FD002342D7 /* TokenManagable.swift */,
			);
			path = auth;
			sourceTree = "<group>";
		};
		F2FAC49C2B2946FD002342D7 /* model */ = {
			isa = PBXGroup;
			children = (
				F2FAC49D2B2946FD002342D7 /* OAuthToken.swift */,
			);
			path = model;
			sourceTree = "<group>";
		};
		F2FAC4AD2B294721002342D7 /* KakaoSDKCommon */ = {
			isa = PBXGroup;
			children = (
				F2FAC4AE2B294721002342D7 /* network */,
				F2FAC4B12B294721002342D7 /* README.md */,
				F2FAC4B22B294721002342D7 /* common */,
				F2FAC4C92B294721002342D7 /* KakaoSDKCommon.h */,
				F2FAC4CA2B294721002342D7 /* Info.plist */,
			);
			name = KakaoSDKCommon;
			path = sources/KakaoSDKCommon;
			sourceTree = SOURCE_ROOT;
		};
		F2FAC4AE2B294721002342D7 /* network */ = {
			isa = PBXGroup;
			children = (
				F2FAC4AF2B294721002342D7 /* ApiRequestAdapter.swift */,
				F2FAC4B02B294721002342D7 /* Api.swift */,
			);
			path = network;
			sourceTree = "<group>";
		};
		F2FAC4B22B294721002342D7 /* common */ = {
			isa = PBXGroup;
			children = (
				F2FAC4B32B294721002342D7 /* extension */,
				F2FAC4BC2B294721002342D7 /* common */,
				F2FAC4C52B294721002342D7 /* model */,
				F2FAC4C82B294721002342D7 /* KakaoSDKCommon.swift */,
			);
			path = common;
			sourceTree = "<group>";
		};
		F2FAC4B32B294721002342D7 /* extension */ = {
			isa = PBXGroup;
			children = (
				F2FAC4B42B294721002342D7 /* EncodingContainer+AnyCollection.swift */,
				F2FAC4B52B294721002342D7 /* URL+Utils.swift */,
				F2FAC4B62B294721002342D7 /* Data+Utils.swift */,
				F2FAC4B72B294721002342D7 /* Array+Utils.swift */,
				F2FAC4B82B294721002342D7 /* Dictionary+Utils.swift */,
				F2FAC4B92B294721002342D7 /* DecodingContainer+AnyCollection.swift */,
				F2FAC4BA2B294721002342D7 /* Date+Utils.swift */,
				F2FAC4BB2B294721002342D7 /* UIApplication+Utils.swift */,
			);
			path = extension;
			sourceTree = "<group>";
		};
		F2FAC4BC2B294721002342D7 /* common */ = {
			isa = PBXGroup;
			children = (
				F2FAC4BD2B294721002342D7 /* SdkCrypto.swift */,
				F2FAC4BE2B294721002342D7 /* Properties.swift */,
				F2FAC4BF2B294721002342D7 /* SdkUtils.swift */,
				F2FAC4C02B294721002342D7 /* SdkLog.swift */,
				F2FAC4C12B294721002342D7 /* Common.swift */,
				F2FAC4C22B294721002342D7 /* SdkCoder.swift */,
				F2FAC4C32B294721002342D7 /* SdkError.swift */,
				F2FAC4C42B294721002342D7 /* Urls.swift */,
			);
			path = common;
			sourceTree = "<group>";
		};
		F2FAC4C52B294721002342D7 /* model */ = {
			isa = PBXGroup;
			children = (
				F2FAC4C62B294721002342D7 /* AuthErrorInfo.swift */,
				F2FAC4C72B294721002342D7 /* ErrorInfo.swift */,
			);
			path = model;
			sourceTree = "<group>";
		};
		F579640A4F41E3DF0EDF57A9 /* model */ = {
			isa = PBXGroup;
			children = (
				93D0518143C7B074D8C95AA4 /* AccessTokenInfo.swift */,
				C14F43583C099CA87EC702CF /* Scope.swift */,
				BF0E6D2DE6EB3DC793433CB8 /* User.swift */,
				981A8974F72C895F697E3836 /* UserServiceTerms.swift */,
				9948110D0ADCE4C673D83505 /* UserShippingAddresses.swift */,
			);
			path = model;
			sourceTree = "<group>";
		};
/* End PBXGroup section */

/* Begin PBXNativeTarget section */
		29DF1CDF286567DB176A09D0 /* KakaoSDKUser */ = {
			isa = PBXNativeTarget;
			buildConfigurationList = 9CC0811E60EDFCFA3E6AF6CD /* Build configuration list for PBXNativeTarget "KakaoSDKUser" */;
			buildPhases = (
				9E4AAB2129C0F45E29E46ED0 /* Sources */,
				D9040685A67DAF390D68F6D9 /* Resources */,
				6C5AA4EEB651CA137B82547C /* Embed Frameworks */,
				640A50943E9DC6CC9BFC1301 /* Frameworks */,
				C75B36DC1F77A9486B42CD55 /* Dependencies */,
			);
			buildRules = (
			);
			dependencies = (
				EBE8009C89C3ACB873A3CBD6 /* PBXTargetDependency */,
			);
			name = KakaoSDKUser;
			productName = KakaoSDKUser;
			productReference = 4440513A0951D6A84B87F95A /* KakaoSDKUser.framework */;
			productType = "com.apple.product-type.framework";
		};
		7C14AC27021FF442200B3853 /* KakaoSDKAuth */ = {
			isa = PBXNativeTarget;
			buildConfigurationList = 1811F644EEA95B87335D6EC7 /* Build configuration list for PBXNativeTarget "KakaoSDKAuth" */;
			buildPhases = (
				B02F2164EEB3F53366F14029 /* Sources */,
				0A3B2C739EB1E8006E8133F3 /* Resources */,
				7B9E68359243B91AC1495119 /* Embed Frameworks */,
				B5947AA9DFF819AC82E7150B /* Frameworks */,
				4394BF936435C523E9566511 /* Dependencies */,
			);
			buildRules = (
			);
			dependencies = (
				02A5C532A79A5ED27E838138 /* PBXTargetDependency */,
			);
			name = KakaoSDKAuth;
			productName = KakaoSDKAuth;
			productReference = 9AFC260A8C2D21C7599563DD /* KakaoSDKAuth.framework */;
			productType = "com.apple.product-type.framework";
		};
		98459E8BC6B6914855F2F2D5 /* KakaoSDKCommon */ = {
			isa = PBXNativeTarget;
			buildConfigurationList = DF2899DB6761990AF8993AED /* Build configuration list for PBXNativeTarget "KakaoSDKCommon" */;
			buildPhases = (
				4065A7F27331D7395BA56825 /* Sources */,
				C080418A66787CB25A71E66C /* Resources */,
				483A4EE45367C9D498F36397 /* Embed Frameworks */,
				FFABDC24D147EB9106632AD6 /* Frameworks */,
			);
			buildRules = (
			);
			dependencies = (
			);
			name = KakaoSDKCommon;
			productName = KakaoSDKCommon;
			productReference = AB474396BE039F4B363568CE /* KakaoSDKCommon.framework */;
			productType = "com.apple.product-type.framework";
		};
		9992115F8933D8BC3172BA5A /* KakaoSDKTemplate */ = {
			isa = PBXNativeTarget;
			buildConfigurationList = 5A009A6485562259558B7A85 /* Build configuration list for PBXNativeTarget "KakaoSDKTemplate" */;
			buildPhases = (
				A1F3987D33ABE63F02827C38 /* Sources */,
				756552848F4EA239C1925816 /* Resources */,
				F6A31FDE5BC04D4B81BE03BA /* Embed Frameworks */,
				0841A99FF855A441743AD570 /* Frameworks */,
				798BFFACCC63CA5CBD876807 /* Dependencies */,
			);
			buildRules = (
			);
			dependencies = (
				3500A0EDF9D0FB2A2C8790D3 /* PBXTargetDependency */,
			);
			name = KakaoSDKTemplate;
			productName = KakaoSDKTemplate;
			productReference = A2D196A7B29975B17592DF93 /* KakaoSDKTemplate.framework */;
			productType = "com.apple.product-type.framework";
		};
		D776DD6F4486A2D71BA8A04E /* KakaoSDKShare */ = {
			isa = PBXNativeTarget;
			buildConfigurationList = 8DDECAE1DD7E41CC27E5771C /* Build configuration list for PBXNativeTarget "KakaoSDKShare" */;
			buildPhases = (
				A93B0174A6A2775181AAAC28 /* Sources */,
				D3760F4BB274E3949A6EEB24 /* Resources */,
				F88BB0E283529C0C5147EF89 /* Embed Frameworks */,
				7D6259118AB0469E096D7D84 /* Frameworks */,
				DD4961B6A3F0AF8768ED271E /* Dependencies */,
			);
			buildRules = (
			);
			dependencies = (
				2BB4F71E3B74704E26911D89 /* PBXTargetDependency */,
				17474C58E61FF757A73B7C4F /* PBXTargetDependency */,
			);
			name = KakaoSDKShare;
			productName = KakaoSDKShare;
			productReference = 9CC0834B3D826E20C49D8F65 /* KakaoSDKShare.framework */;
			productType = "com.apple.product-type.framework";
		};
/* End PBXNativeTarget section */

/* Begin PBXProject section */
		B74E8C9FBEFF78FA685A7F67 /* Project object */ = {
			isa = PBXProject;
			attributes = {
				BuildIndependentTargetsInParallel = YES;
				LastUpgradeCheck = 9999;
			};
			buildConfigurationList = 52523ED6C7E6536C0F7B5CCC /* Build configuration list for PBXProject "KakaoOpenSDK" */;
			compatibilityVersion = "Xcode 14.0";
			developmentRegion = en;
			hasScannedForEncodings = 0;
			knownRegions = (
				Base,
				en,
			);
			mainGroup = 1B26D82CF9B573B2518E2A15;
			productRefGroup = 46BBF5A544E5A83A97F67C00 /* Products */;
			projectDirPath = "";
			projectRoot = "";
			targets = (
				98459E8BC6B6914855F2F2D5 /* KakaoSDKCommon */,
				7C14AC27021FF442200B3853 /* KakaoSDKAuth */,
				29DF1CDF286567DB176A09D0 /* KakaoSDKUser */,
				D776DD6F4486A2D71BA8A04E /* KakaoSDKShare */,
				9992115F8933D8BC3172BA5A /* KakaoSDKTemplate */,
			);
		};
/* End PBXProject section */

/* Begin PBXResourcesBuildPhase section */
		0A3B2C739EB1E8006E8133F3 /* Resources */ = {
			isa = PBXResourcesBuildPhase;
			buildActionMask = 2147483647;
			files = (
				F2FAC4AC2B2946FD002342D7 /* Info.plist in Resources */,
				F2FAC4AA2B2946FD002342D7 /* README.md in Resources */,
			);
			runOnlyForDeploymentPostprocessing = 0;
		};
		756552848F4EA239C1925816 /* Resources */ = {
			isa = PBXResourcesBuildPhase;
			buildActionMask = 2147483647;
			files = (
			);
			runOnlyForDeploymentPostprocessing = 0;
		};
		C080418A66787CB25A71E66C /* Resources */ = {
			isa = PBXResourcesBuildPhase;
			buildActionMask = 2147483647;
			files = (
				F2FAC4E12B294721002342D7 /* Info.plist in Resources */,
				F2FAC4CD2B294721002342D7 /* README.md in Resources */,
			);
			runOnlyForDeploymentPostprocessing = 0;
		};
		D3760F4BB274E3949A6EEB24 /* Resources */ = {
			isa = PBXResourcesBuildPhase;
			buildActionMask = 2147483647;
			files = (
			);
			runOnlyForDeploymentPostprocessing = 0;
		};
		D9040685A67DAF390D68F6D9 /* Resources */ = {
			isa = PBXResourcesBuildPhase;
			buildActionMask = 2147483647;
			files = (
			);
			runOnlyForDeploymentPostprocessing = 0;
		};
/* End PBXResourcesBuildPhase section */

/* Begin PBXSourcesBuildPhase section */
		4065A7F27331D7395BA56825 /* Sources */ = {
			isa = PBXSourcesBuildPhase;
			buildActionMask = 2147483647;
			files = (
				F2FAC4D72B294721002342D7 /* Properties.swift in Sources */,
				F2FAC4DE2B294721002342D7 /* AuthErrorInfo.swift in Sources */,
				F2FAC4D22B294721002342D7 /* Dictionary+Utils.swift in Sources */,
				F2FAC4D42B294721002342D7 /* Date+Utils.swift in Sources */,
				F2FAC4CC2B294721002342D7 /* Api.swift in Sources */,
				F2FAC4D62B294721002342D7 /* SdkCrypto.swift in Sources */,
				F2FAC4D12B294721002342D7 /* Array+Utils.swift in Sources */,
				F2FAC4D82B294721002342D7 /* SdkUtils.swift in Sources */,
				F2FAC4CF2B294721002342D7 /* URL+Utils.swift in Sources */,
				F2FAC4DB2B294721002342D7 /* SdkCoder.swift in Sources */,
				F2FAC4DD2B294721002342D7 /* Urls.swift in Sources */,
				F2FAC4CE2B294721002342D7 /* EncodingContainer+AnyCollection.swift in Sources */,
				F2FAC4D92B294721002342D7 /* SdkLog.swift in Sources */,
				F2FAC4D52B294721002342D7 /* UIApplication+Utils.swift in Sources */,
				F2FAC4E02B294721002342D7 /* KakaoSDKCommon.swift in Sources */,
				F2FAC4CB2B294721002342D7 /* ApiRequestAdapter.swift in Sources */,
				F2FAC4D02B294721002342D7 /* Data+Utils.swift in Sources */,
				F2FAC4DF2B294721002342D7 /* ErrorInfo.swift in Sources */,
				F2FAC4DC2B294721002342D7 /* SdkError.swift in Sources */,
				F2FAC4DA2B294721002342D7 /* Common.swift in Sources */,
				F2FAC4D32B294721002342D7 /* DecodingContainer+AnyCollection.swift in Sources */,
			);
			runOnlyForDeploymentPostprocessing = 0;
		};
		9E4AAB2129C0F45E29E46ED0 /* Sources */ = {
			isa = PBXSourcesBuildPhase;
			buildActionMask = 2147483647;
			files = (
				DEA959ECACD73EA21318EAAA /* UserApi.swift in Sources */,
				D83CC49FD9E905F67CF2CB8E /* AccessTokenInfo.swift in Sources */,
				B37BF2CA54417589347BED47 /* Scope.swift in Sources */,
				1EA8C330BBDC81379F4BCA82 /* User.swift in Sources */,
				49680630C7F1B66638C012CB /* UserServiceTerms.swift in Sources */,
				CB857D13A2B756A6051EBC03 /* UserShippingAddresses.swift in Sources */,
			);
			runOnlyForDeploymentPostprocessing = 0;
		};
		A1F3987D33ABE63F02827C38 /* Sources */ = {
			isa = PBXSourcesBuildPhase;
			buildActionMask = 2147483647;
			files = (
				B4DF9FD6E56F72FB3838AE6E /* TemplateModels.swift in Sources */,
			);
			runOnlyForDeploymentPostprocessing = 0;
		};
		A93B0174A6A2775181AAAC28 /* Sources */ = {
			isa = PBXSourcesBuildPhase;
			buildActionMask = 2147483647;
			files = (
				224F5C1E8021C315F3C9C239 /* ShareApi.swift in Sources */,
				B6C1D92AAD9027F6DC244B82 /* ImageUploadResult.swift in Sources */,
				C0781C8D2BF0F2503E68FFB4 /* SharingResult.swift in Sources */,
				60405CA75AE48B453FDF84AC /* ValidationResult.swift in Sources */,
			);
			runOnlyForDeploymentPostprocessing = 0;
		};
		B02F2164EEB3F53366F14029 /* Sources */ = {
			isa = PBXSourcesBuildPhase;
			buildActionMask = 2147483647;
			files = (
				F2FAC4A42B2946FD002342D7 /* AuthApiCommon.swift in Sources */,
				F2FAC4A22B2946FD002342D7 /* TokenRefresher.swift in Sources */,
				F2FAC4A92B2946FD002342D7 /* TokenManagable.swift in Sources */,
				F2FAC4A32B2946FD002342D7 /* TokenManager.swift in Sources */,
				F2FAC4A72B2946FD002342D7 /* AuthRequestRetrier.swift in Sources */,
				F2FAC4A52B2946FD002342D7 /* AuthRequestAdapter.swift in Sources */,
				F2FAC4A12B2946FD002342D7 /* AuthApi.swift in Sources */,
				F2FAC4AB2B2946FD002342D7 /* OAuthToken.swift in Sources */,
				F2FAC4A62B2946FD002342D7 /* AuthController.swift in Sources */,
				F2FAC4A82B2946FD002342D7 /* MigrateManager.swift in Sources */,
				F2FAC4A02B2946FD002342D7 /* Auth.swift in Sources */,
			);
			runOnlyForDeploymentPostprocessing = 0;
		};
/* End PBXSourcesBuildPhase section */

/* Begin PBXTargetDependency section */
		02A5C532A79A5ED27E838138 /* PBXTargetDependency */ = {
			isa = PBXTargetDependency;
			name = KakaoSDKCommon;
			target = 98459E8BC6B6914855F2F2D5 /* KakaoSDKCommon */;
			targetProxy = A9D09E95DE0CA34CBEF9A03B /* PBXContainerItemProxy */;
		};
		17474C58E61FF757A73B7C4F /* PBXTargetDependency */ = {
			isa = PBXTargetDependency;
			name = KakaoSDKTemplate;
			target = 9992115F8933D8BC3172BA5A /* KakaoSDKTemplate */;
			targetProxy = FB758B08B60BD1BACB3298C3 /* PBXContainerItemProxy */;
		};
		2BB4F71E3B74704E26911D89 /* PBXTargetDependency */ = {
			isa = PBXTargetDependency;
			name = KakaoSDKCommon;
			target = 98459E8BC6B6914855F2F2D5 /* KakaoSDKCommon */;
			targetProxy = AF64E1064674E872FEFB578A /* PBXContainerItemProxy */;
		};
		3500A0EDF9D0FB2A2C8790D3 /* PBXTargetDependency */ = {
			isa = PBXTargetDependency;
			name = KakaoSDKCommon;
			target = 98459E8BC6B6914855F2F2D5 /* KakaoSDKCommon */;
			targetProxy = B7CCFB744B1985BB54864F58 /* PBXContainerItemProxy */;
		};
		EBE8009C89C3ACB873A3CBD6 /* PBXTargetDependency */ = {
			isa = PBXTargetDependency;
			name = KakaoSDKAuth;
			target = 7C14AC27021FF442200B3853 /* KakaoSDKAuth */;
			targetProxy = F42EE904E06AC7C66B8773A6 /* PBXContainerItemProxy */;
		};
/* End PBXTargetDependency section */

/* Begin XCBuildConfiguration section */
		0A3773B7DA4C67FE35A76A56 /* Debug */ = {
			isa = XCBuildConfiguration;
			buildSettings = {
				ALWAYS_SEARCH_USER_PATHS = NO;
				CLANG_ANALYZER_LOCALIZABILITY_NONLOCALIZED = YES;
				CLANG_ANALYZER_NONNULL = YES;
				CLANG_ANALYZER_NUMBER_OBJECT_CONVERSION = YES_AGGRESSIVE;
				CLANG_CXX_LANGUAGE_STANDARD = "gnu++14";
				CLANG_CXX_LIBRARY = "libc++";
				CLANG_ENABLE_MODULES = YES;
				CLANG_ENABLE_OBJC_ARC = YES;
				CLANG_ENABLE_OBJC_WEAK = YES;
				CLANG_WARN_BLOCK_CAPTURE_AUTORELEASING = YES;
				CLANG_WARN_BOOL_CONVERSION = YES;
				CLANG_WARN_COMMA = YES;
				CLANG_WARN_CONSTANT_CONVERSION = YES;
				CLANG_WARN_DEPRECATED_OBJC_IMPLEMENTATIONS = YES;
				CLANG_WARN_DIRECT_OBJC_ISA_USAGE = YES_ERROR;
				CLANG_WARN_DOCUMENTATION_COMMENTS = YES;
				CLANG_WARN_EMPTY_BODY = YES;
				CLANG_WARN_ENUM_CONVERSION = YES;
				CLANG_WARN_INFINITE_RECURSION = YES;
				CLANG_WARN_INT_CONVERSION = YES;
				CLANG_WARN_NON_LITERAL_NULL_CONVERSION = YES;
				CLANG_WARN_OBJC_IMPLICIT_RETAIN_SELF = YES;
				CLANG_WARN_OBJC_LITERAL_CONVERSION = YES;
				CLANG_WARN_OBJC_ROOT_CLASS = YES_ERROR;
				CLANG_WARN_QUOTED_INCLUDE_IN_FRAMEWORK_HEADER = YES;
				CLANG_WARN_RANGE_LOOP_ANALYSIS = YES;
				CLANG_WARN_STRICT_PROTOTYPES = YES;
				CLANG_WARN_SUSPICIOUS_MOVE = YES;
				CLANG_WARN_UNGUARDED_AVAILABILITY = YES_AGGRESSIVE;
				CLANG_WARN_UNREACHABLE_CODE = YES;
				CLANG_WARN__DUPLICATE_METHOD_MATCH = YES;
				COPY_PHASE_STRIP = NO;
				DEAD_CODE_STRIPPING = YES;
				DEBUG_INFORMATION_FORMAT = dwarf;
				ENABLE_STRICT_OBJC_MSGSEND = YES;
				ENABLE_TESTABILITY = YES;
				GCC_C_LANGUAGE_STANDARD = gnu11;
				GCC_DYNAMIC_NO_PIC = NO;
				GCC_NO_COMMON_BLOCKS = YES;
				GCC_OPTIMIZATION_LEVEL = 0;
				GCC_PREPROCESSOR_DEFINITIONS = (
					"DEBUG=1",
					"$(inherited)",
				);
				GCC_WARN_64_TO_32_BIT_CONVERSION = YES;
				GCC_WARN_ABOUT_RETURN_TYPE = YES_ERROR;
				GCC_WARN_UNDECLARED_SELECTOR = YES;
				GCC_WARN_UNINITIALIZED_AUTOS = YES_AGGRESSIVE;
				GCC_WARN_UNUSED_FUNCTION = YES;
				GCC_WARN_UNUSED_VARIABLE = YES;
				MTL_ENABLE_DEBUG_INFO = YES;
				ONLY_ACTIVE_ARCH = YES;
				PRODUCT_NAME = "$(TARGET_NAME)";
				SWIFT_VERSION = 5.0.0;
			};
			name = Debug;
		};
		1D96025351279573AE3B426D /* Release */ = {
			isa = XCBuildConfiguration;
			buildSettings = {
				ALWAYS_SEARCH_USER_PATHS = YES;
				CLANG_ANALYZER_NONNULL = YES;
				CLANG_CXX_LANGUAGE_STANDARD = "gnu++14";
				CLANG_CXX_LIBRARY = "libc++";
				CLANG_ENABLE_MODULES = YES;
				CLANG_ENABLE_OBJC_ARC = YES;
				CLANG_ENABLE_OBJC_WEAK = NO;
				CLANG_WARN_BLOCK_CAPTURE_AUTORELEASING = YES;
				CLANG_WARN_BOOL_CONVERSION = YES;
				CLANG_WARN_COMMA = YES;
				CLANG_WARN_CONSTANT_CONVERSION = YES;
				CLANG_WARN_DEPRECATED_OBJC_IMPLEMENTATIONS = YES;
				CLANG_WARN_DIRECT_OBJC_ISA_USAGE = YES_ERROR;
				CLANG_WARN_DOCUMENTATION_COMMENTS = YES;
				CLANG_WARN_EMPTY_BODY = YES;
				CLANG_WARN_ENUM_CONVERSION = YES;
				CLANG_WARN_INFINITE_RECURSION = YES;
				CLANG_WARN_INT_CONVERSION = YES;
				CLANG_WARN_NON_LITERAL_NULL_CONVERSION = YES;
				CLANG_WARN_OBJC_IMPLICIT_RETAIN_SELF = YES;
				CLANG_WARN_OBJC_LITERAL_CONVERSION = YES;
				CLANG_WARN_OBJC_ROOT_CLASS = YES_ERROR;
				CLANG_WARN_QUOTED_INCLUDE_IN_FRAMEWORK_HEADER = NO;
				CLANG_WARN_RANGE_LOOP_ANALYSIS = YES;
				CLANG_WARN_STRICT_PROTOTYPES = YES;
				CLANG_WARN_SUSPICIOUS_MOVE = YES;
				CLANG_WARN_UNGUARDED_AVAILABILITY = YES_AGGRESSIVE;
				CLANG_WARN_UNREACHABLE_CODE = YES;
				CLANG_WARN__DUPLICATE_METHOD_MATCH = YES;
				CODE_SIGN_IDENTITY = "";
				COPY_PHASE_STRIP = NO;
				CURRENT_PROJECT_VERSION = 1;
				DEAD_CODE_STRIPPING = YES;
				DEFINES_MODULE = YES;
				DERIVE_MACCATALYST_PRODUCT_BUNDLE_IDENTIFIER = YES;
				DYLIB_COMPATIBILITY_VERSION = 1;
				DYLIB_CURRENT_VERSION = 1;
				DYLIB_INSTALL_NAME_BASE = "@rpath";
				ENABLE_BITCODE = NO;
				ENABLE_STRICT_OBJC_MSGSEND = NO;
				FRAMEWORK_SEARCH_PATHS = (
					"$(inherited)",
					"$(PLATFORM_DIR)/Developer/Library/Frameworks",
				);
				GCC_NO_COMMON_BLOCKS = NO;
				GCC_PREPROCESSOR_DEFINITIONS = (
					"$(inherited)",
					"SWIFT_PACKAGE=1",
				);
				GCC_WARN_64_TO_32_BIT_CONVERSION = YES;
				GCC_WARN_ABOUT_RETURN_TYPE = YES_ERROR;
				GCC_WARN_INHIBIT_ALL_WARNINGS = YES;
				GCC_WARN_UNDECLARED_SELECTOR = YES;
				GCC_WARN_UNINITIALIZED_AUTOS = YES_AGGRESSIVE;
				GCC_WARN_UNUSED_FUNCTION = YES;
				GCC_WARN_UNUSED_VARIABLE = YES;
				INFOPLIST_FILE = "Derived/InfoPlists/KakaoSDKShare-Info.plist";
				INSTALL_PATH = "$(LOCAL_LIBRARY_DIR)/Frameworks";
				IPHONEOS_DEPLOYMENT_TARGET = 14.0;
				LD_RUNPATH_SEARCH_PATHS = (
					"$(inherited)",
					"@executable_path/Frameworks",
					"@executable_path/Frameworks",
					"@loader_path/Frameworks",
				);
				MACH_O_TYPE = staticlib;
				PRODUCT_BUNDLE_IDENTIFIER = KakaoSDKShare;
				PRODUCT_NAME = KakaoSDKShare;
				SDKROOT = iphoneos;
				SKIP_INSTALL = YES;
				SUPPORTED_PLATFORMS = "iphoneos iphonesimulator";
				SUPPORTS_MACCATALYST = NO;
				SUPPORTS_MAC_DESIGNED_FOR_IPHONE_IPAD = NO;
				SUPPORTS_XR_DESIGNED_FOR_IPHONE_IPAD = YES;
				SWIFT_ACTIVE_COMPILATION_CONDITIONS = "$(inherited) SWIFT_PACKAGE";
				SWIFT_COMPILATION_MODE = wholemodule;
				SWIFT_OPTIMIZATION_LEVEL = "-Owholemodule";
				SWIFT_SUPPRESS_WARNINGS = YES;
				SWIFT_VERSION = 5.0;
				TARGETED_DEVICE_FAMILY = 1;
				USE_HEADERMAP = NO;
				VERSIONING_SYSTEM = "apple-generic";
				VERSION_INFO_PREFIX = "";
			};
			name = Release;
		};
		334AEF96911D9D398801BECA /* Release */ = {
			isa = XCBuildConfiguration;
			buildSettings = {
				ALWAYS_SEARCH_USER_PATHS = YES;
				CLANG_ANALYZER_NONNULL = YES;
				CLANG_CXX_LANGUAGE_STANDARD = "gnu++14";
				CLANG_CXX_LIBRARY = "libc++";
				CLANG_ENABLE_MODULES = YES;
				CLANG_ENABLE_OBJC_ARC = YES;
				CLANG_ENABLE_OBJC_WEAK = NO;
				CLANG_WARN_BLOCK_CAPTURE_AUTORELEASING = YES;
				CLANG_WARN_BOOL_CONVERSION = YES;
				CLANG_WARN_COMMA = YES;
				CLANG_WARN_CONSTANT_CONVERSION = YES;
				CLANG_WARN_DEPRECATED_OBJC_IMPLEMENTATIONS = YES;
				CLANG_WARN_DIRECT_OBJC_ISA_USAGE = YES_ERROR;
				CLANG_WARN_DOCUMENTATION_COMMENTS = YES;
				CLANG_WARN_EMPTY_BODY = YES;
				CLANG_WARN_ENUM_CONVERSION = YES;
				CLANG_WARN_INFINITE_RECURSION = YES;
				CLANG_WARN_INT_CONVERSION = YES;
				CLANG_WARN_NON_LITERAL_NULL_CONVERSION = YES;
				CLANG_WARN_OBJC_IMPLICIT_RETAIN_SELF = YES;
				CLANG_WARN_OBJC_LITERAL_CONVERSION = YES;
				CLANG_WARN_OBJC_ROOT_CLASS = YES_ERROR;
				CLANG_WARN_QUOTED_INCLUDE_IN_FRAMEWORK_HEADER = NO;
				CLANG_WARN_RANGE_LOOP_ANALYSIS = YES;
				CLANG_WARN_STRICT_PROTOTYPES = YES;
				CLANG_WARN_SUSPICIOUS_MOVE = YES;
				CLANG_WARN_UNGUARDED_AVAILABILITY = YES_AGGRESSIVE;
				CLANG_WARN_UNREACHABLE_CODE = YES;
				CLANG_WARN__DUPLICATE_METHOD_MATCH = YES;
				CODE_SIGN_IDENTITY = "";
				COPY_PHASE_STRIP = NO;
				CURRENT_PROJECT_VERSION = 1;
				DEAD_CODE_STRIPPING = YES;
				DEFINES_MODULE = YES;
				DERIVE_MACCATALYST_PRODUCT_BUNDLE_IDENTIFIER = YES;
				DYLIB_COMPATIBILITY_VERSION = 1;
				DYLIB_CURRENT_VERSION = 1;
				DYLIB_INSTALL_NAME_BASE = "@rpath";
				ENABLE_BITCODE = NO;
				ENABLE_STRICT_OBJC_MSGSEND = NO;
				FRAMEWORK_SEARCH_PATHS = (
					"$(inherited)",
					"$(PLATFORM_DIR)/Developer/Library/Frameworks",
				);
				GCC_NO_COMMON_BLOCKS = NO;
				GCC_PREPROCESSOR_DEFINITIONS = (
					"$(inherited)",
					"SWIFT_PACKAGE=1",
				);
				GCC_WARN_64_TO_32_BIT_CONVERSION = YES;
				GCC_WARN_ABOUT_RETURN_TYPE = YES_ERROR;
				GCC_WARN_INHIBIT_ALL_WARNINGS = YES;
				GCC_WARN_UNDECLARED_SELECTOR = YES;
				GCC_WARN_UNINITIALIZED_AUTOS = YES_AGGRESSIVE;
				GCC_WARN_UNUSED_FUNCTION = YES;
				GCC_WARN_UNUSED_VARIABLE = YES;
				INFOPLIST_FILE = "Derived/InfoPlists/KakaoSDKCommon-Info.plist";
				INSTALL_PATH = "$(LOCAL_LIBRARY_DIR)/Frameworks";
				IPHONEOS_DEPLOYMENT_TARGET = 14.0;
				LD_RUNPATH_SEARCH_PATHS = (
					"$(inherited)",
					"@executable_path/Frameworks",
					"@executable_path/Frameworks",
					"@loader_path/Frameworks",
				);
				MACH_O_TYPE = staticlib;
				PRODUCT_BUNDLE_IDENTIFIER = KakaoSDKCommon;
				PRODUCT_NAME = KakaoSDKCommon;
				SDKROOT = iphoneos;
				SKIP_INSTALL = YES;
				SUPPORTED_PLATFORMS = "iphoneos iphonesimulator";
				SUPPORTS_MACCATALYST = NO;
				SUPPORTS_MAC_DESIGNED_FOR_IPHONE_IPAD = NO;
				SUPPORTS_XR_DESIGNED_FOR_IPHONE_IPAD = YES;
				SWIFT_ACTIVE_COMPILATION_CONDITIONS = "$(inherited) SWIFT_PACKAGE";
				SWIFT_COMPILATION_MODE = wholemodule;
				SWIFT_OPTIMIZATION_LEVEL = "-Owholemodule";
				SWIFT_SUPPRESS_WARNINGS = YES;
				SWIFT_VERSION = 5.0;
				TARGETED_DEVICE_FAMILY = 1;
				USE_HEADERMAP = NO;
				VERSIONING_SYSTEM = "apple-generic";
				VERSION_INFO_PREFIX = "";
			};
			name = Release;
		};
		3AB72E560D2BF57F111F1423 /* Release */ = {
			isa = XCBuildConfiguration;
			buildSettings = {
				ALWAYS_SEARCH_USER_PATHS = YES;
				CLANG_ANALYZER_NONNULL = YES;
				CLANG_CXX_LANGUAGE_STANDARD = "gnu++14";
				CLANG_CXX_LIBRARY = "libc++";
				CLANG_ENABLE_MODULES = YES;
				CLANG_ENABLE_OBJC_ARC = YES;
				CLANG_ENABLE_OBJC_WEAK = NO;
				CLANG_WARN_BLOCK_CAPTURE_AUTORELEASING = YES;
				CLANG_WARN_BOOL_CONVERSION = YES;
				CLANG_WARN_COMMA = YES;
				CLANG_WARN_CONSTANT_CONVERSION = YES;
				CLANG_WARN_DEPRECATED_OBJC_IMPLEMENTATIONS = YES;
				CLANG_WARN_DIRECT_OBJC_ISA_USAGE = YES_ERROR;
				CLANG_WARN_DOCUMENTATION_COMMENTS = YES;
				CLANG_WARN_EMPTY_BODY = YES;
				CLANG_WARN_ENUM_CONVERSION = YES;
				CLANG_WARN_INFINITE_RECURSION = YES;
				CLANG_WARN_INT_CONVERSION = YES;
				CLANG_WARN_NON_LITERAL_NULL_CONVERSION = YES;
				CLANG_WARN_OBJC_IMPLICIT_RETAIN_SELF = YES;
				CLANG_WARN_OBJC_LITERAL_CONVERSION = YES;
				CLANG_WARN_OBJC_ROOT_CLASS = YES_ERROR;
				CLANG_WARN_QUOTED_INCLUDE_IN_FRAMEWORK_HEADER = NO;
				CLANG_WARN_RANGE_LOOP_ANALYSIS = YES;
				CLANG_WARN_STRICT_PROTOTYPES = YES;
				CLANG_WARN_SUSPICIOUS_MOVE = YES;
				CLANG_WARN_UNGUARDED_AVAILABILITY = YES_AGGRESSIVE;
				CLANG_WARN_UNREACHABLE_CODE = YES;
				CLANG_WARN__DUPLICATE_METHOD_MATCH = YES;
				CODE_SIGN_IDENTITY = "";
				COPY_PHASE_STRIP = NO;
				CURRENT_PROJECT_VERSION = 1;
				DEAD_CODE_STRIPPING = YES;
				DEFINES_MODULE = YES;
				DERIVE_MACCATALYST_PRODUCT_BUNDLE_IDENTIFIER = YES;
				DYLIB_COMPATIBILITY_VERSION = 1;
				DYLIB_CURRENT_VERSION = 1;
				DYLIB_INSTALL_NAME_BASE = "@rpath";
				ENABLE_BITCODE = NO;
				ENABLE_STRICT_OBJC_MSGSEND = NO;
				FRAMEWORK_SEARCH_PATHS = (
					"$(inherited)",
					"$(PLATFORM_DIR)/Developer/Library/Frameworks",
				);
				GCC_NO_COMMON_BLOCKS = NO;
				GCC_PREPROCESSOR_DEFINITIONS = (
					"$(inherited)",
					"SWIFT_PACKAGE=1",
				);
				GCC_WARN_64_TO_32_BIT_CONVERSION = YES;
				GCC_WARN_ABOUT_RETURN_TYPE = YES_ERROR;
				GCC_WARN_INHIBIT_ALL_WARNINGS = YES;
				GCC_WARN_UNDECLARED_SELECTOR = YES;
				GCC_WARN_UNINITIALIZED_AUTOS = YES_AGGRESSIVE;
				GCC_WARN_UNUSED_FUNCTION = YES;
				GCC_WARN_UNUSED_VARIABLE = YES;
				INFOPLIST_FILE = "Derived/InfoPlists/KakaoSDKAuth-Info.plist";
				INSTALL_PATH = "$(LOCAL_LIBRARY_DIR)/Frameworks";
				IPHONEOS_DEPLOYMENT_TARGET = 14.0;
				LD_RUNPATH_SEARCH_PATHS = (
					"$(inherited)",
					"@executable_path/Frameworks",
					"@executable_path/Frameworks",
					"@loader_path/Frameworks",
				);
				MACH_O_TYPE = staticlib;
				PRODUCT_BUNDLE_IDENTIFIER = KakaoSDKAuth;
				PRODUCT_NAME = KakaoSDKAuth;
				SDKROOT = iphoneos;
				SKIP_INSTALL = YES;
				SUPPORTED_PLATFORMS = "iphoneos iphonesimulator";
				SUPPORTS_MACCATALYST = NO;
				SUPPORTS_MAC_DESIGNED_FOR_IPHONE_IPAD = NO;
				SUPPORTS_XR_DESIGNED_FOR_IPHONE_IPAD = YES;
				SWIFT_ACTIVE_COMPILATION_CONDITIONS = "$(inherited) SWIFT_PACKAGE";
				SWIFT_COMPILATION_MODE = wholemodule;
				SWIFT_OPTIMIZATION_LEVEL = "-Owholemodule";
				SWIFT_SUPPRESS_WARNINGS = YES;
				SWIFT_VERSION = 5.0;
				TARGETED_DEVICE_FAMILY = 1;
				USE_HEADERMAP = NO;
				VERSIONING_SYSTEM = "apple-generic";
				VERSION_INFO_PREFIX = "";
			};
			name = Release;
		};
		3B00D8EDC3BE461304E0E709 /* Debug */ = {
			isa = XCBuildConfiguration;
			buildSettings = {
				ALWAYS_SEARCH_USER_PATHS = YES;
				CLANG_ANALYZER_NONNULL = YES;
				CLANG_CXX_LANGUAGE_STANDARD = "gnu++14";
				CLANG_CXX_LIBRARY = "libc++";
				CLANG_ENABLE_MODULES = YES;
				CLANG_ENABLE_OBJC_ARC = YES;
				CLANG_ENABLE_OBJC_WEAK = NO;
				CLANG_WARN_BLOCK_CAPTURE_AUTORELEASING = YES;
				CLANG_WARN_BOOL_CONVERSION = YES;
				CLANG_WARN_COMMA = YES;
				CLANG_WARN_CONSTANT_CONVERSION = YES;
				CLANG_WARN_DEPRECATED_OBJC_IMPLEMENTATIONS = YES;
				CLANG_WARN_DIRECT_OBJC_ISA_USAGE = YES_ERROR;
				CLANG_WARN_DOCUMENTATION_COMMENTS = YES;
				CLANG_WARN_EMPTY_BODY = YES;
				CLANG_WARN_ENUM_CONVERSION = YES;
				CLANG_WARN_INFINITE_RECURSION = YES;
				CLANG_WARN_INT_CONVERSION = YES;
				CLANG_WARN_NON_LITERAL_NULL_CONVERSION = YES;
				CLANG_WARN_OBJC_IMPLICIT_RETAIN_SELF = YES;
				CLANG_WARN_OBJC_LITERAL_CONVERSION = YES;
				CLANG_WARN_OBJC_ROOT_CLASS = YES_ERROR;
				CLANG_WARN_QUOTED_INCLUDE_IN_FRAMEWORK_HEADER = NO;
				CLANG_WARN_RANGE_LOOP_ANALYSIS = YES;
				CLANG_WARN_STRICT_PROTOTYPES = YES;
				CLANG_WARN_SUSPICIOUS_MOVE = YES;
				CLANG_WARN_UNGUARDED_AVAILABILITY = YES_AGGRESSIVE;
				CLANG_WARN_UNREACHABLE_CODE = YES;
				CLANG_WARN__DUPLICATE_METHOD_MATCH = YES;
				CODE_SIGN_IDENTITY = "";
				COPY_PHASE_STRIP = NO;
				CURRENT_PROJECT_VERSION = 1;
				DEAD_CODE_STRIPPING = YES;
				DEFINES_MODULE = YES;
				DERIVE_MACCATALYST_PRODUCT_BUNDLE_IDENTIFIER = YES;
				DYLIB_COMPATIBILITY_VERSION = 1;
				DYLIB_CURRENT_VERSION = 1;
				DYLIB_INSTALL_NAME_BASE = "@rpath";
				ENABLE_BITCODE = NO;
				ENABLE_STRICT_OBJC_MSGSEND = NO;
				FRAMEWORK_SEARCH_PATHS = (
					"$(inherited)",
					"$(PLATFORM_DIR)/Developer/Library/Frameworks",
				);
				GCC_NO_COMMON_BLOCKS = NO;
				GCC_PREPROCESSOR_DEFINITIONS = (
					"$(inherited)",
					"SWIFT_PACKAGE=1",
				);
				GCC_WARN_64_TO_32_BIT_CONVERSION = YES;
				GCC_WARN_ABOUT_RETURN_TYPE = YES_ERROR;
				GCC_WARN_INHIBIT_ALL_WARNINGS = YES;
				GCC_WARN_UNDECLARED_SELECTOR = YES;
				GCC_WARN_UNINITIALIZED_AUTOS = YES_AGGRESSIVE;
				GCC_WARN_UNUSED_FUNCTION = YES;
				GCC_WARN_UNUSED_VARIABLE = YES;
				INFOPLIST_FILE = "Derived/InfoPlists/KakaoSDKTemplate-Info.plist";
				INSTALL_PATH = "$(LOCAL_LIBRARY_DIR)/Frameworks";
				IPHONEOS_DEPLOYMENT_TARGET = 14.0;
				LD_RUNPATH_SEARCH_PATHS = (
					"$(inherited)",
					"@executable_path/Frameworks",
					"@executable_path/Frameworks",
					"@loader_path/Frameworks",
				);
				MACH_O_TYPE = staticlib;
				PRODUCT_BUNDLE_IDENTIFIER = KakaoSDKTemplate;
				PRODUCT_NAME = KakaoSDKTemplate;
				SDKROOT = iphoneos;
				SKIP_INSTALL = YES;
				SUPPORTED_PLATFORMS = "iphoneos iphonesimulator";
				SUPPORTS_MACCATALYST = NO;
				SUPPORTS_MAC_DESIGNED_FOR_IPHONE_IPAD = NO;
				SUPPORTS_XR_DESIGNED_FOR_IPHONE_IPAD = YES;
				SWIFT_ACTIVE_COMPILATION_CONDITIONS = "$(inherited) SWIFT_PACKAGE DEBUG";
				SWIFT_COMPILATION_MODE = singlefile;
				SWIFT_OPTIMIZATION_LEVEL = "-Onone";
				SWIFT_SUPPRESS_WARNINGS = YES;
				SWIFT_VERSION = 5.0;
				TARGETED_DEVICE_FAMILY = 1;
				USE_HEADERMAP = NO;
				VERSIONING_SYSTEM = "apple-generic";
				VERSION_INFO_PREFIX = "";
			};
			name = Debug;
		};
		59F9CD41BE9152CC4FCA785B /* Debug */ = {
			isa = XCBuildConfiguration;
			buildSettings = {
				ALWAYS_SEARCH_USER_PATHS = YES;
				CLANG_ANALYZER_NONNULL = YES;
				CLANG_CXX_LANGUAGE_STANDARD = "gnu++14";
				CLANG_CXX_LIBRARY = "libc++";
				CLANG_ENABLE_MODULES = YES;
				CLANG_ENABLE_OBJC_ARC = YES;
				CLANG_ENABLE_OBJC_WEAK = NO;
				CLANG_WARN_BLOCK_CAPTURE_AUTORELEASING = YES;
				CLANG_WARN_BOOL_CONVERSION = YES;
				CLANG_WARN_COMMA = YES;
				CLANG_WARN_CONSTANT_CONVERSION = YES;
				CLANG_WARN_DEPRECATED_OBJC_IMPLEMENTATIONS = YES;
				CLANG_WARN_DIRECT_OBJC_ISA_USAGE = YES_ERROR;
				CLANG_WARN_DOCUMENTATION_COMMENTS = YES;
				CLANG_WARN_EMPTY_BODY = YES;
				CLANG_WARN_ENUM_CONVERSION = YES;
				CLANG_WARN_INFINITE_RECURSION = YES;
				CLANG_WARN_INT_CONVERSION = YES;
				CLANG_WARN_NON_LITERAL_NULL_CONVERSION = YES;
				CLANG_WARN_OBJC_IMPLICIT_RETAIN_SELF = YES;
				CLANG_WARN_OBJC_LITERAL_CONVERSION = YES;
				CLANG_WARN_OBJC_ROOT_CLASS = YES_ERROR;
				CLANG_WARN_QUOTED_INCLUDE_IN_FRAMEWORK_HEADER = NO;
				CLANG_WARN_RANGE_LOOP_ANALYSIS = YES;
				CLANG_WARN_STRICT_PROTOTYPES = YES;
				CLANG_WARN_SUSPICIOUS_MOVE = YES;
				CLANG_WARN_UNGUARDED_AVAILABILITY = YES_AGGRESSIVE;
				CLANG_WARN_UNREACHABLE_CODE = YES;
				CLANG_WARN__DUPLICATE_METHOD_MATCH = YES;
				CODE_SIGN_IDENTITY = "";
				COPY_PHASE_STRIP = NO;
				CURRENT_PROJECT_VERSION = 1;
				DEAD_CODE_STRIPPING = YES;
				DEFINES_MODULE = YES;
				DERIVE_MACCATALYST_PRODUCT_BUNDLE_IDENTIFIER = YES;
				DYLIB_COMPATIBILITY_VERSION = 1;
				DYLIB_CURRENT_VERSION = 1;
				DYLIB_INSTALL_NAME_BASE = "@rpath";
				ENABLE_BITCODE = NO;
				ENABLE_STRICT_OBJC_MSGSEND = NO;
				FRAMEWORK_SEARCH_PATHS = (
					"$(inherited)",
					"$(PLATFORM_DIR)/Developer/Library/Frameworks",
				);
				GCC_NO_COMMON_BLOCKS = NO;
				GCC_PREPROCESSOR_DEFINITIONS = (
					"$(inherited)",
					"SWIFT_PACKAGE=1",
				);
				GCC_WARN_64_TO_32_BIT_CONVERSION = YES;
				GCC_WARN_ABOUT_RETURN_TYPE = YES_ERROR;
				GCC_WARN_INHIBIT_ALL_WARNINGS = YES;
				GCC_WARN_UNDECLARED_SELECTOR = YES;
				GCC_WARN_UNINITIALIZED_AUTOS = YES_AGGRESSIVE;
				GCC_WARN_UNUSED_FUNCTION = YES;
				GCC_WARN_UNUSED_VARIABLE = YES;
				INFOPLIST_FILE = "Derived/InfoPlists/KakaoSDKCommon-Info.plist";
				INSTALL_PATH = "$(LOCAL_LIBRARY_DIR)/Frameworks";
				IPHONEOS_DEPLOYMENT_TARGET = 14.0;
				LD_RUNPATH_SEARCH_PATHS = (
					"$(inherited)",
					"@executable_path/Frameworks",
					"@executable_path/Frameworks",
					"@loader_path/Frameworks",
				);
				MACH_O_TYPE = staticlib;
				PRODUCT_BUNDLE_IDENTIFIER = KakaoSDKCommon;
				PRODUCT_NAME = KakaoSDKCommon;
				SDKROOT = iphoneos;
				SKIP_INSTALL = YES;
				SUPPORTED_PLATFORMS = "iphoneos iphonesimulator";
				SUPPORTS_MACCATALYST = NO;
				SUPPORTS_MAC_DESIGNED_FOR_IPHONE_IPAD = NO;
				SUPPORTS_XR_DESIGNED_FOR_IPHONE_IPAD = YES;
				SWIFT_ACTIVE_COMPILATION_CONDITIONS = "$(inherited) SWIFT_PACKAGE DEBUG";
				SWIFT_COMPILATION_MODE = singlefile;
				SWIFT_OPTIMIZATION_LEVEL = "-Onone";
				SWIFT_SUPPRESS_WARNINGS = YES;
				SWIFT_VERSION = 5.0;
				TARGETED_DEVICE_FAMILY = 1;
				USE_HEADERMAP = NO;
				VERSIONING_SYSTEM = "apple-generic";
				VERSION_INFO_PREFIX = "";
			};
			name = Debug;
		};
		9C2FD904807AACE17D337807 /* Release */ = {
			isa = XCBuildConfiguration;
			buildSettings = {
				ALWAYS_SEARCH_USER_PATHS = YES;
				CLANG_ANALYZER_NONNULL = YES;
				CLANG_CXX_LANGUAGE_STANDARD = "gnu++14";
				CLANG_CXX_LIBRARY = "libc++";
				CLANG_ENABLE_MODULES = YES;
				CLANG_ENABLE_OBJC_ARC = YES;
				CLANG_ENABLE_OBJC_WEAK = NO;
				CLANG_WARN_BLOCK_CAPTURE_AUTORELEASING = YES;
				CLANG_WARN_BOOL_CONVERSION = YES;
				CLANG_WARN_COMMA = YES;
				CLANG_WARN_CONSTANT_CONVERSION = YES;
				CLANG_WARN_DEPRECATED_OBJC_IMPLEMENTATIONS = YES;
				CLANG_WARN_DIRECT_OBJC_ISA_USAGE = YES_ERROR;
				CLANG_WARN_DOCUMENTATION_COMMENTS = YES;
				CLANG_WARN_EMPTY_BODY = YES;
				CLANG_WARN_ENUM_CONVERSION = YES;
				CLANG_WARN_INFINITE_RECURSION = YES;
				CLANG_WARN_INT_CONVERSION = YES;
				CLANG_WARN_NON_LITERAL_NULL_CONVERSION = YES;
				CLANG_WARN_OBJC_IMPLICIT_RETAIN_SELF = YES;
				CLANG_WARN_OBJC_LITERAL_CONVERSION = YES;
				CLANG_WARN_OBJC_ROOT_CLASS = YES_ERROR;
				CLANG_WARN_QUOTED_INCLUDE_IN_FRAMEWORK_HEADER = NO;
				CLANG_WARN_RANGE_LOOP_ANALYSIS = YES;
				CLANG_WARN_STRICT_PROTOTYPES = YES;
				CLANG_WARN_SUSPICIOUS_MOVE = YES;
				CLANG_WARN_UNGUARDED_AVAILABILITY = YES_AGGRESSIVE;
				CLANG_WARN_UNREACHABLE_CODE = YES;
				CLANG_WARN__DUPLICATE_METHOD_MATCH = YES;
				CODE_SIGN_IDENTITY = "";
				COPY_PHASE_STRIP = NO;
				CURRENT_PROJECT_VERSION = 1;
				DEAD_CODE_STRIPPING = YES;
				DEFINES_MODULE = YES;
				DERIVE_MACCATALYST_PRODUCT_BUNDLE_IDENTIFIER = YES;
				DYLIB_COMPATIBILITY_VERSION = 1;
				DYLIB_CURRENT_VERSION = 1;
				DYLIB_INSTALL_NAME_BASE = "@rpath";
				ENABLE_BITCODE = NO;
				ENABLE_STRICT_OBJC_MSGSEND = NO;
				FRAMEWORK_SEARCH_PATHS = (
					"$(inherited)",
					"$(PLATFORM_DIR)/Developer/Library/Frameworks",
				);
				GCC_NO_COMMON_BLOCKS = NO;
				GCC_PREPROCESSOR_DEFINITIONS = (
					"$(inherited)",
					"SWIFT_PACKAGE=1",
				);
				GCC_WARN_64_TO_32_BIT_CONVERSION = YES;
				GCC_WARN_ABOUT_RETURN_TYPE = YES_ERROR;
				GCC_WARN_INHIBIT_ALL_WARNINGS = YES;
				GCC_WARN_UNDECLARED_SELECTOR = YES;
				GCC_WARN_UNINITIALIZED_AUTOS = YES_AGGRESSIVE;
				GCC_WARN_UNUSED_FUNCTION = YES;
				GCC_WARN_UNUSED_VARIABLE = YES;
				INFOPLIST_FILE = "Derived/InfoPlists/KakaoSDKTemplate-Info.plist";
				INSTALL_PATH = "$(LOCAL_LIBRARY_DIR)/Frameworks";
				IPHONEOS_DEPLOYMENT_TARGET = 14.0;
				LD_RUNPATH_SEARCH_PATHS = (
					"$(inherited)",
					"@executable_path/Frameworks",
					"@executable_path/Frameworks",
					"@loader_path/Frameworks",
				);
				MACH_O_TYPE = staticlib;
				PRODUCT_BUNDLE_IDENTIFIER = KakaoSDKTemplate;
				PRODUCT_NAME = KakaoSDKTemplate;
				SDKROOT = iphoneos;
				SKIP_INSTALL = YES;
				SUPPORTED_PLATFORMS = "iphoneos iphonesimulator";
				SUPPORTS_MACCATALYST = NO;
				SUPPORTS_MAC_DESIGNED_FOR_IPHONE_IPAD = NO;
				SUPPORTS_XR_DESIGNED_FOR_IPHONE_IPAD = YES;
				SWIFT_ACTIVE_COMPILATION_CONDITIONS = "$(inherited) SWIFT_PACKAGE";
				SWIFT_COMPILATION_MODE = wholemodule;
				SWIFT_OPTIMIZATION_LEVEL = "-Owholemodule";
				SWIFT_SUPPRESS_WARNINGS = YES;
				SWIFT_VERSION = 5.0;
				TARGETED_DEVICE_FAMILY = 1;
				USE_HEADERMAP = NO;
				VERSIONING_SYSTEM = "apple-generic";
				VERSION_INFO_PREFIX = "";
			};
			name = Release;
		};
		9E0A3E189D1B5559FB08C8ED /* Release */ = {
			isa = XCBuildConfiguration;
			buildSettings = {
				ALWAYS_SEARCH_USER_PATHS = NO;
				CLANG_ANALYZER_LOCALIZABILITY_NONLOCALIZED = YES;
				CLANG_ANALYZER_NONNULL = YES;
				CLANG_ANALYZER_NUMBER_OBJECT_CONVERSION = YES_AGGRESSIVE;
				CLANG_CXX_LANGUAGE_STANDARD = "gnu++14";
				CLANG_CXX_LIBRARY = "libc++";
				CLANG_ENABLE_MODULES = YES;
				CLANG_ENABLE_OBJC_ARC = YES;
				CLANG_ENABLE_OBJC_WEAK = YES;
				CLANG_WARN_BLOCK_CAPTURE_AUTORELEASING = YES;
				CLANG_WARN_BOOL_CONVERSION = YES;
				CLANG_WARN_COMMA = YES;
				CLANG_WARN_CONSTANT_CONVERSION = YES;
				CLANG_WARN_DEPRECATED_OBJC_IMPLEMENTATIONS = YES;
				CLANG_WARN_DIRECT_OBJC_ISA_USAGE = YES_ERROR;
				CLANG_WARN_DOCUMENTATION_COMMENTS = YES;
				CLANG_WARN_EMPTY_BODY = YES;
				CLANG_WARN_ENUM_CONVERSION = YES;
				CLANG_WARN_INFINITE_RECURSION = YES;
				CLANG_WARN_INT_CONVERSION = YES;
				CLANG_WARN_NON_LITERAL_NULL_CONVERSION = YES;
				CLANG_WARN_OBJC_IMPLICIT_RETAIN_SELF = YES;
				CLANG_WARN_OBJC_LITERAL_CONVERSION = YES;
				CLANG_WARN_OBJC_ROOT_CLASS = YES_ERROR;
				CLANG_WARN_QUOTED_INCLUDE_IN_FRAMEWORK_HEADER = YES;
				CLANG_WARN_RANGE_LOOP_ANALYSIS = YES;
				CLANG_WARN_STRICT_PROTOTYPES = YES;
				CLANG_WARN_SUSPICIOUS_MOVE = YES;
				CLANG_WARN_UNGUARDED_AVAILABILITY = YES_AGGRESSIVE;
				CLANG_WARN_UNREACHABLE_CODE = YES;
				CLANG_WARN__DUPLICATE_METHOD_MATCH = YES;
				COPY_PHASE_STRIP = NO;
				DEAD_CODE_STRIPPING = YES;
				DEBUG_INFORMATION_FORMAT = "dwarf-with-dsym";
				ENABLE_NS_ASSERTIONS = NO;
				ENABLE_STRICT_OBJC_MSGSEND = YES;
				GCC_C_LANGUAGE_STANDARD = gnu11;
				GCC_NO_COMMON_BLOCKS = YES;
				GCC_WARN_64_TO_32_BIT_CONVERSION = YES;
				GCC_WARN_ABOUT_RETURN_TYPE = YES_ERROR;
				GCC_WARN_UNDECLARED_SELECTOR = YES;
				GCC_WARN_UNINITIALIZED_AUTOS = YES_AGGRESSIVE;
				GCC_WARN_UNUSED_FUNCTION = YES;
				GCC_WARN_UNUSED_VARIABLE = YES;
				MTL_ENABLE_DEBUG_INFO = NO;
				PRODUCT_NAME = "$(TARGET_NAME)";
				SWIFT_VERSION = 5.0.0;
				VALIDATE_PRODUCT = YES;
			};
			name = Release;
		};
		B0C24A241013F1D55558D67C /* Debug */ = {
			isa = XCBuildConfiguration;
			buildSettings = {
				ALWAYS_SEARCH_USER_PATHS = YES;
				CLANG_ANALYZER_NONNULL = YES;
				CLANG_CXX_LANGUAGE_STANDARD = "gnu++14";
				CLANG_CXX_LIBRARY = "libc++";
				CLANG_ENABLE_MODULES = YES;
				CLANG_ENABLE_OBJC_ARC = YES;
				CLANG_ENABLE_OBJC_WEAK = NO;
				CLANG_WARN_BLOCK_CAPTURE_AUTORELEASING = YES;
				CLANG_WARN_BOOL_CONVERSION = YES;
				CLANG_WARN_COMMA = YES;
				CLANG_WARN_CONSTANT_CONVERSION = YES;
				CLANG_WARN_DEPRECATED_OBJC_IMPLEMENTATIONS = YES;
				CLANG_WARN_DIRECT_OBJC_ISA_USAGE = YES_ERROR;
				CLANG_WARN_DOCUMENTATION_COMMENTS = YES;
				CLANG_WARN_EMPTY_BODY = YES;
				CLANG_WARN_ENUM_CONVERSION = YES;
				CLANG_WARN_INFINITE_RECURSION = YES;
				CLANG_WARN_INT_CONVERSION = YES;
				CLANG_WARN_NON_LITERAL_NULL_CONVERSION = YES;
				CLANG_WARN_OBJC_IMPLICIT_RETAIN_SELF = YES;
				CLANG_WARN_OBJC_LITERAL_CONVERSION = YES;
				CLANG_WARN_OBJC_ROOT_CLASS = YES_ERROR;
				CLANG_WARN_QUOTED_INCLUDE_IN_FRAMEWORK_HEADER = NO;
				CLANG_WARN_RANGE_LOOP_ANALYSIS = YES;
				CLANG_WARN_STRICT_PROTOTYPES = YES;
				CLANG_WARN_SUSPICIOUS_MOVE = YES;
				CLANG_WARN_UNGUARDED_AVAILABILITY = YES_AGGRESSIVE;
				CLANG_WARN_UNREACHABLE_CODE = YES;
				CLANG_WARN__DUPLICATE_METHOD_MATCH = YES;
				CODE_SIGN_IDENTITY = "";
				COPY_PHASE_STRIP = NO;
				CURRENT_PROJECT_VERSION = 1;
				DEAD_CODE_STRIPPING = YES;
				DEFINES_MODULE = YES;
				DERIVE_MACCATALYST_PRODUCT_BUNDLE_IDENTIFIER = YES;
				DYLIB_COMPATIBILITY_VERSION = 1;
				DYLIB_CURRENT_VERSION = 1;
				DYLIB_INSTALL_NAME_BASE = "@rpath";
				ENABLE_BITCODE = NO;
				ENABLE_STRICT_OBJC_MSGSEND = NO;
				FRAMEWORK_SEARCH_PATHS = (
					"$(inherited)",
					"$(PLATFORM_DIR)/Developer/Library/Frameworks",
				);
				GCC_NO_COMMON_BLOCKS = NO;
				GCC_PREPROCESSOR_DEFINITIONS = (
					"$(inherited)",
					"SWIFT_PACKAGE=1",
				);
				GCC_WARN_64_TO_32_BIT_CONVERSION = YES;
				GCC_WARN_ABOUT_RETURN_TYPE = YES_ERROR;
				GCC_WARN_INHIBIT_ALL_WARNINGS = YES;
				GCC_WARN_UNDECLARED_SELECTOR = YES;
				GCC_WARN_UNINITIALIZED_AUTOS = YES_AGGRESSIVE;
				GCC_WARN_UNUSED_FUNCTION = YES;
				GCC_WARN_UNUSED_VARIABLE = YES;
				INFOPLIST_FILE = "Derived/InfoPlists/KakaoSDKUser-Info.plist";
				INSTALL_PATH = "$(LOCAL_LIBRARY_DIR)/Frameworks";
				IPHONEOS_DEPLOYMENT_TARGET = 14.0;
				LD_RUNPATH_SEARCH_PATHS = (
					"$(inherited)",
					"@executable_path/Frameworks",
					"@executable_path/Frameworks",
					"@loader_path/Frameworks",
				);
				MACH_O_TYPE = staticlib;
				PRODUCT_BUNDLE_IDENTIFIER = KakaoSDKUser;
				PRODUCT_NAME = KakaoSDKUser;
				SDKROOT = iphoneos;
				SKIP_INSTALL = YES;
				SUPPORTED_PLATFORMS = "iphoneos iphonesimulator";
				SUPPORTS_MACCATALYST = NO;
				SUPPORTS_MAC_DESIGNED_FOR_IPHONE_IPAD = NO;
				SUPPORTS_XR_DESIGNED_FOR_IPHONE_IPAD = YES;
				SWIFT_ACTIVE_COMPILATION_CONDITIONS = "$(inherited) SWIFT_PACKAGE DEBUG";
				SWIFT_COMPILATION_MODE = singlefile;
				SWIFT_OPTIMIZATION_LEVEL = "-Onone";
				SWIFT_SUPPRESS_WARNINGS = YES;
				SWIFT_VERSION = 5.0;
				TARGETED_DEVICE_FAMILY = 1;
				USE_HEADERMAP = NO;
				VERSIONING_SYSTEM = "apple-generic";
				VERSION_INFO_PREFIX = "";
			};
			name = Debug;
		};
		CDA8BCB3528DDB8C1BD2F531 /* Release */ = {
			isa = XCBuildConfiguration;
			buildSettings = {
				ALWAYS_SEARCH_USER_PATHS = YES;
				CLANG_ANALYZER_NONNULL = YES;
				CLANG_CXX_LANGUAGE_STANDARD = "gnu++14";
				CLANG_CXX_LIBRARY = "libc++";
				CLANG_ENABLE_MODULES = YES;
				CLANG_ENABLE_OBJC_ARC = YES;
				CLANG_ENABLE_OBJC_WEAK = NO;
				CLANG_WARN_BLOCK_CAPTURE_AUTORELEASING = YES;
				CLANG_WARN_BOOL_CONVERSION = YES;
				CLANG_WARN_COMMA = YES;
				CLANG_WARN_CONSTANT_CONVERSION = YES;
				CLANG_WARN_DEPRECATED_OBJC_IMPLEMENTATIONS = YES;
				CLANG_WARN_DIRECT_OBJC_ISA_USAGE = YES_ERROR;
				CLANG_WARN_DOCUMENTATION_COMMENTS = YES;
				CLANG_WARN_EMPTY_BODY = YES;
				CLANG_WARN_ENUM_CONVERSION = YES;
				CLANG_WARN_INFINITE_RECURSION = YES;
				CLANG_WARN_INT_CONVERSION = YES;
				CLANG_WARN_NON_LITERAL_NULL_CONVERSION = YES;
				CLANG_WARN_OBJC_IMPLICIT_RETAIN_SELF = YES;
				CLANG_WARN_OBJC_LITERAL_CONVERSION = YES;
				CLANG_WARN_OBJC_ROOT_CLASS = YES_ERROR;
				CLANG_WARN_QUOTED_INCLUDE_IN_FRAMEWORK_HEADER = NO;
				CLANG_WARN_RANGE_LOOP_ANALYSIS = YES;
				CLANG_WARN_STRICT_PROTOTYPES = YES;
				CLANG_WARN_SUSPICIOUS_MOVE = YES;
				CLANG_WARN_UNGUARDED_AVAILABILITY = YES_AGGRESSIVE;
				CLANG_WARN_UNREACHABLE_CODE = YES;
				CLANG_WARN__DUPLICATE_METHOD_MATCH = YES;
				CODE_SIGN_IDENTITY = "";
				COPY_PHASE_STRIP = NO;
				CURRENT_PROJECT_VERSION = 1;
				DEAD_CODE_STRIPPING = YES;
				DEFINES_MODULE = YES;
				DERIVE_MACCATALYST_PRODUCT_BUNDLE_IDENTIFIER = YES;
				DYLIB_COMPATIBILITY_VERSION = 1;
				DYLIB_CURRENT_VERSION = 1;
				DYLIB_INSTALL_NAME_BASE = "@rpath";
				ENABLE_BITCODE = NO;
				ENABLE_STRICT_OBJC_MSGSEND = NO;
				FRAMEWORK_SEARCH_PATHS = (
					"$(inherited)",
					"$(PLATFORM_DIR)/Developer/Library/Frameworks",
				);
				GCC_NO_COMMON_BLOCKS = NO;
				GCC_PREPROCESSOR_DEFINITIONS = (
					"$(inherited)",
					"SWIFT_PACKAGE=1",
				);
				GCC_WARN_64_TO_32_BIT_CONVERSION = YES;
				GCC_WARN_ABOUT_RETURN_TYPE = YES_ERROR;
				GCC_WARN_INHIBIT_ALL_WARNINGS = YES;
				GCC_WARN_UNDECLARED_SELECTOR = YES;
				GCC_WARN_UNINITIALIZED_AUTOS = YES_AGGRESSIVE;
				GCC_WARN_UNUSED_FUNCTION = YES;
				GCC_WARN_UNUSED_VARIABLE = YES;
				INFOPLIST_FILE = "Derived/InfoPlists/KakaoSDKUser-Info.plist";
				INSTALL_PATH = "$(LOCAL_LIBRARY_DIR)/Frameworks";
				IPHONEOS_DEPLOYMENT_TARGET = 14.0;
				LD_RUNPATH_SEARCH_PATHS = (
					"$(inherited)",
					"@executable_path/Frameworks",
					"@executable_path/Frameworks",
					"@loader_path/Frameworks",
				);
				MACH_O_TYPE = staticlib;
				PRODUCT_BUNDLE_IDENTIFIER = KakaoSDKUser;
				PRODUCT_NAME = KakaoSDKUser;
				SDKROOT = iphoneos;
				SKIP_INSTALL = YES;
				SUPPORTED_PLATFORMS = "iphoneos iphonesimulator";
				SUPPORTS_MACCATALYST = NO;
				SUPPORTS_MAC_DESIGNED_FOR_IPHONE_IPAD = NO;
				SUPPORTS_XR_DESIGNED_FOR_IPHONE_IPAD = YES;
				SWIFT_ACTIVE_COMPILATION_CONDITIONS = "$(inherited) SWIFT_PACKAGE";
				SWIFT_COMPILATION_MODE = wholemodule;
				SWIFT_OPTIMIZATION_LEVEL = "-Owholemodule";
				SWIFT_SUPPRESS_WARNINGS = YES;
				SWIFT_VERSION = 5.0;
				TARGETED_DEVICE_FAMILY = 1;
				USE_HEADERMAP = NO;
				VERSIONING_SYSTEM = "apple-generic";
				VERSION_INFO_PREFIX = "";
			};
			name = Release;
		};
		E3E723A1EDCA4A4D55531740 /* Debug */ = {
			isa = XCBuildConfiguration;
			buildSettings = {
				ALWAYS_SEARCH_USER_PATHS = YES;
				CLANG_ANALYZER_NONNULL = YES;
				CLANG_CXX_LANGUAGE_STANDARD = "gnu++14";
				CLANG_CXX_LIBRARY = "libc++";
				CLANG_ENABLE_MODULES = YES;
				CLANG_ENABLE_OBJC_ARC = YES;
				CLANG_ENABLE_OBJC_WEAK = NO;
				CLANG_WARN_BLOCK_CAPTURE_AUTORELEASING = YES;
				CLANG_WARN_BOOL_CONVERSION = YES;
				CLANG_WARN_COMMA = YES;
				CLANG_WARN_CONSTANT_CONVERSION = YES;
				CLANG_WARN_DEPRECATED_OBJC_IMPLEMENTATIONS = YES;
				CLANG_WARN_DIRECT_OBJC_ISA_USAGE = YES_ERROR;
				CLANG_WARN_DOCUMENTATION_COMMENTS = YES;
				CLANG_WARN_EMPTY_BODY = YES;
				CLANG_WARN_ENUM_CONVERSION = YES;
				CLANG_WARN_INFINITE_RECURSION = YES;
				CLANG_WARN_INT_CONVERSION = YES;
				CLANG_WARN_NON_LITERAL_NULL_CONVERSION = YES;
				CLANG_WARN_OBJC_IMPLICIT_RETAIN_SELF = YES;
				CLANG_WARN_OBJC_LITERAL_CONVERSION = YES;
				CLANG_WARN_OBJC_ROOT_CLASS = YES_ERROR;
				CLANG_WARN_QUOTED_INCLUDE_IN_FRAMEWORK_HEADER = NO;
				CLANG_WARN_RANGE_LOOP_ANALYSIS = YES;
				CLANG_WARN_STRICT_PROTOTYPES = YES;
				CLANG_WARN_SUSPICIOUS_MOVE = YES;
				CLANG_WARN_UNGUARDED_AVAILABILITY = YES_AGGRESSIVE;
				CLANG_WARN_UNREACHABLE_CODE = YES;
				CLANG_WARN__DUPLICATE_METHOD_MATCH = YES;
				CODE_SIGN_IDENTITY = "";
				COPY_PHASE_STRIP = NO;
				CURRENT_PROJECT_VERSION = 1;
				DEAD_CODE_STRIPPING = YES;
				DEFINES_MODULE = YES;
				DERIVE_MACCATALYST_PRODUCT_BUNDLE_IDENTIFIER = YES;
				DYLIB_COMPATIBILITY_VERSION = 1;
				DYLIB_CURRENT_VERSION = 1;
				DYLIB_INSTALL_NAME_BASE = "@rpath";
				ENABLE_BITCODE = NO;
				ENABLE_STRICT_OBJC_MSGSEND = NO;
				FRAMEWORK_SEARCH_PATHS = (
					"$(inherited)",
					"$(PLATFORM_DIR)/Developer/Library/Frameworks",
				);
				GCC_NO_COMMON_BLOCKS = NO;
				GCC_PREPROCESSOR_DEFINITIONS = (
					"$(inherited)",
					"SWIFT_PACKAGE=1",
				);
				GCC_WARN_64_TO_32_BIT_CONVERSION = YES;
				GCC_WARN_ABOUT_RETURN_TYPE = YES_ERROR;
				GCC_WARN_INHIBIT_ALL_WARNINGS = YES;
				GCC_WARN_UNDECLARED_SELECTOR = YES;
				GCC_WARN_UNINITIALIZED_AUTOS = YES_AGGRESSIVE;
				GCC_WARN_UNUSED_FUNCTION = YES;
				GCC_WARN_UNUSED_VARIABLE = YES;
				INFOPLIST_FILE = "Derived/InfoPlists/KakaoSDKShare-Info.plist";
				INSTALL_PATH = "$(LOCAL_LIBRARY_DIR)/Frameworks";
				IPHONEOS_DEPLOYMENT_TARGET = 14.0;
				LD_RUNPATH_SEARCH_PATHS = (
					"$(inherited)",
					"@executable_path/Frameworks",
					"@executable_path/Frameworks",
					"@loader_path/Frameworks",
				);
				MACH_O_TYPE = staticlib;
				PRODUCT_BUNDLE_IDENTIFIER = KakaoSDKShare;
				PRODUCT_NAME = KakaoSDKShare;
				SDKROOT = iphoneos;
				SKIP_INSTALL = YES;
				SUPPORTED_PLATFORMS = "iphoneos iphonesimulator";
				SUPPORTS_MACCATALYST = NO;
				SUPPORTS_MAC_DESIGNED_FOR_IPHONE_IPAD = NO;
				SUPPORTS_XR_DESIGNED_FOR_IPHONE_IPAD = YES;
				SWIFT_ACTIVE_COMPILATION_CONDITIONS = "$(inherited) SWIFT_PACKAGE DEBUG";
				SWIFT_COMPILATION_MODE = singlefile;
				SWIFT_OPTIMIZATION_LEVEL = "-Onone";
				SWIFT_SUPPRESS_WARNINGS = YES;
				SWIFT_VERSION = 5.0;
				TARGETED_DEVICE_FAMILY = 1;
				USE_HEADERMAP = NO;
				VERSIONING_SYSTEM = "apple-generic";
				VERSION_INFO_PREFIX = "";
			};
			name = Debug;
		};
		EF863B7C1A71A8799504B5D0 /* Debug */ = {
			isa = XCBuildConfiguration;
			buildSettings = {
				ALWAYS_SEARCH_USER_PATHS = YES;
				CLANG_ANALYZER_NONNULL = YES;
				CLANG_CXX_LANGUAGE_STANDARD = "gnu++14";
				CLANG_CXX_LIBRARY = "libc++";
				CLANG_ENABLE_MODULES = YES;
				CLANG_ENABLE_OBJC_ARC = YES;
				CLANG_ENABLE_OBJC_WEAK = NO;
				CLANG_WARN_BLOCK_CAPTURE_AUTORELEASING = YES;
				CLANG_WARN_BOOL_CONVERSION = YES;
				CLANG_WARN_COMMA = YES;
				CLANG_WARN_CONSTANT_CONVERSION = YES;
				CLANG_WARN_DEPRECATED_OBJC_IMPLEMENTATIONS = YES;
				CLANG_WARN_DIRECT_OBJC_ISA_USAGE = YES_ERROR;
				CLANG_WARN_DOCUMENTATION_COMMENTS = YES;
				CLANG_WARN_EMPTY_BODY = YES;
				CLANG_WARN_ENUM_CONVERSION = YES;
				CLANG_WARN_INFINITE_RECURSION = YES;
				CLANG_WARN_INT_CONVERSION = YES;
				CLANG_WARN_NON_LITERAL_NULL_CONVERSION = YES;
				CLANG_WARN_OBJC_IMPLICIT_RETAIN_SELF = YES;
				CLANG_WARN_OBJC_LITERAL_CONVERSION = YES;
				CLANG_WARN_OBJC_ROOT_CLASS = YES_ERROR;
				CLANG_WARN_QUOTED_INCLUDE_IN_FRAMEWORK_HEADER = NO;
				CLANG_WARN_RANGE_LOOP_ANALYSIS = YES;
				CLANG_WARN_STRICT_PROTOTYPES = YES;
				CLANG_WARN_SUSPICIOUS_MOVE = YES;
				CLANG_WARN_UNGUARDED_AVAILABILITY = YES_AGGRESSIVE;
				CLANG_WARN_UNREACHABLE_CODE = YES;
				CLANG_WARN__DUPLICATE_METHOD_MATCH = YES;
				CODE_SIGN_IDENTITY = "";
				COPY_PHASE_STRIP = NO;
				CURRENT_PROJECT_VERSION = 1;
				DEAD_CODE_STRIPPING = YES;
				DEFINES_MODULE = YES;
				DERIVE_MACCATALYST_PRODUCT_BUNDLE_IDENTIFIER = YES;
				DYLIB_COMPATIBILITY_VERSION = 1;
				DYLIB_CURRENT_VERSION = 1;
				DYLIB_INSTALL_NAME_BASE = "@rpath";
				ENABLE_BITCODE = NO;
				ENABLE_STRICT_OBJC_MSGSEND = NO;
				FRAMEWORK_SEARCH_PATHS = (
					"$(inherited)",
					"$(PLATFORM_DIR)/Developer/Library/Frameworks",
				);
				GCC_NO_COMMON_BLOCKS = NO;
				GCC_PREPROCESSOR_DEFINITIONS = (
					"$(inherited)",
					"SWIFT_PACKAGE=1",
				);
				GCC_WARN_64_TO_32_BIT_CONVERSION = YES;
				GCC_WARN_ABOUT_RETURN_TYPE = YES_ERROR;
				GCC_WARN_INHIBIT_ALL_WARNINGS = YES;
				GCC_WARN_UNDECLARED_SELECTOR = YES;
				GCC_WARN_UNINITIALIZED_AUTOS = YES_AGGRESSIVE;
				GCC_WARN_UNUSED_FUNCTION = YES;
				GCC_WARN_UNUSED_VARIABLE = YES;
				INFOPLIST_FILE = "Derived/InfoPlists/KakaoSDKAuth-Info.plist";
				INSTALL_PATH = "$(LOCAL_LIBRARY_DIR)/Frameworks";
				IPHONEOS_DEPLOYMENT_TARGET = 14.0;
				LD_RUNPATH_SEARCH_PATHS = (
					"$(inherited)",
					"@executable_path/Frameworks",
					"@executable_path/Frameworks",
					"@loader_path/Frameworks",
				);
				MACH_O_TYPE = staticlib;
				PRODUCT_BUNDLE_IDENTIFIER = KakaoSDKAuth;
				PRODUCT_NAME = KakaoSDKAuth;
				SDKROOT = iphoneos;
				SKIP_INSTALL = YES;
				SUPPORTED_PLATFORMS = "iphoneos iphonesimulator";
				SUPPORTS_MACCATALYST = NO;
				SUPPORTS_MAC_DESIGNED_FOR_IPHONE_IPAD = NO;
				SUPPORTS_XR_DESIGNED_FOR_IPHONE_IPAD = YES;
				SWIFT_ACTIVE_COMPILATION_CONDITIONS = "$(inherited) SWIFT_PACKAGE DEBUG";
				SWIFT_COMPILATION_MODE = singlefile;
				SWIFT_OPTIMIZATION_LEVEL = "-Onone";
				SWIFT_SUPPRESS_WARNINGS = YES;
				SWIFT_VERSION = 5.0;
				TARGETED_DEVICE_FAMILY = 1;
				USE_HEADERMAP = NO;
				VERSIONING_SYSTEM = "apple-generic";
				VERSION_INFO_PREFIX = "";
			};
			name = Debug;
		};
/* End XCBuildConfiguration section */

/* Begin XCConfigurationList section */
		1811F644EEA95B87335D6EC7 /* Build configuration list for PBXNativeTarget "KakaoSDKAuth" */ = {
			isa = XCConfigurationList;
			buildConfigurations = (
				EF863B7C1A71A8799504B5D0 /* Debug */,
				3AB72E560D2BF57F111F1423 /* Release */,
			);
			defaultConfigurationIsVisible = 0;
			defaultConfigurationName = Release;
		};
		52523ED6C7E6536C0F7B5CCC /* Build configuration list for PBXProject "KakaoOpenSDK" */ = {
			isa = XCConfigurationList;
			buildConfigurations = (
				0A3773B7DA4C67FE35A76A56 /* Debug */,
				9E0A3E189D1B5559FB08C8ED /* Release */,
			);
			defaultConfigurationIsVisible = 0;
			defaultConfigurationName = Release;
		};
		5A009A6485562259558B7A85 /* Build configuration list for PBXNativeTarget "KakaoSDKTemplate" */ = {
			isa = XCConfigurationList;
			buildConfigurations = (
				3B00D8EDC3BE461304E0E709 /* Debug */,
				9C2FD904807AACE17D337807 /* Release */,
			);
			defaultConfigurationIsVisible = 0;
			defaultConfigurationName = Release;
		};
		8DDECAE1DD7E41CC27E5771C /* Build configuration list for PBXNativeTarget "KakaoSDKShare" */ = {
			isa = XCConfigurationList;
			buildConfigurations = (
				E3E723A1EDCA4A4D55531740 /* Debug */,
				1D96025351279573AE3B426D /* Release */,
			);
			defaultConfigurationIsVisible = 0;
			defaultConfigurationName = Release;
		};
		9CC0811E60EDFCFA3E6AF6CD /* Build configuration list for PBXNativeTarget "KakaoSDKUser" */ = {
			isa = XCConfigurationList;
			buildConfigurations = (
				B0C24A241013F1D55558D67C /* Debug */,
				CDA8BCB3528DDB8C1BD2F531 /* Release */,
			);
			defaultConfigurationIsVisible = 0;
			defaultConfigurationName = Release;
		};
		DF2899DB6761990AF8993AED /* Build configuration list for PBXNativeTarget "KakaoSDKCommon" */ = {
			isa = XCConfigurationList;
			buildConfigurations = (
				59F9CD41BE9152CC4FCA785B /* Debug */,
				334AEF96911D9D398801BECA /* Release */,
			);
			defaultConfigurationIsVisible = 0;
			defaultConfigurationName = Release;
		};
/* End XCConfigurationList section */
	};
	rootObject = B74E8C9FBEFF78FA685A7F67 /* Project object */;
}
